{
  "object": {
    "pins": [
      {
        "package": "Epoxy",
        "repositoryURL": "https://github.com/airbnb/epoxy-ios.git",
        "state": {
          "branch": null,
          "revision": "bc53da4def05eff869f96bedefda7e1a8fdcb199",
          "version": "0.7.0"
        }
      },
      {
        "package": "swift-snapshot-testing",
        "repositoryURL": "https://github.com/pointfreeco/swift-snapshot-testing.git",
        "state": {
          "branch": "main",
          "revision": "88f6e2c0afe04221fcfb1601a2ecaad83115a05f",
          "version": null
        }
      }
    ]
  },
  "version": 1
}
