{
  "object": {
    "pins": [
      {
        "package": "SnapshotTesting",
        "repositoryURL": "https://github.com/calda/swift-snapshot-testing.git",
        "state": {
          "branch": "main",
          "revision": "5233803f86814bb93767a57c4967027f77cc4292",
          "version": null
        }
      }
    ]
  },
  "version": 1
}
