// !$*UTF8*$!
{
	archiveVersion = 1;
	classes = {
	};
	objectVersion = 52;
	objects = {

/* Begin PBXBuildFile section */
		08B627792878AE70004526F1 /* AppDelegate.swift in Sources */ = {isa = PBXBuildFile; fileRef = 08B627782878AE70004526F1 /* AppDelegate.swift */; };
		08B6277B2878AE70004526F1 /* ViewController.swift in Sources */ = {isa = PBXBuildFile; fileRef = 08B6277A2878AE70004526F1 /* ViewController.swift */; };
		08B6277D2878AE72004526F1 /* Assets.xcassets in Resources */ = {isa = PBXBuildFile; fileRef = 08B6277C2878AE72004526F1 /* Assets.xcassets */; };
		08B627802878AE72004526F1 /* Main.storyboard in Resources */ = {isa = PBXBuildFile; fileRef = 08B6277E2878AE72004526F1 /* Main.storyboard */; };
		08B627852878B04E004526F1 /* Lottie.xcframework in Frameworks */ = {isa = PBXBuildFile; fileRef = 2ED64E792770FBE1006AA0F3 /* Lottie.xcframework */; };
		08B627862878B04E004526F1 /* Lottie.xcframework in Embed Frameworks */ = {isa = PBXBuildFile; fileRef = 2ED64E792770FBE1006AA0F3 /* Lottie.xcframework */; settings = {ATTRIBUTES = (CodeSignOnCopy, RemoveHeadersOnCopy, ); }; };
		2E6DBE0327723E0900EBD89E /* Lottie.xcframework in Frameworks */ = {isa = PBXBuildFile; fileRef = 2ED64E792770FBE1006AA0F3 /* Lottie.xcframework */; };
		2E6DBE0427723E0900EBD89E /* Lottie.xcframework in Embed Frameworks */ = {isa = PBXBuildFile; fileRef = 2ED64E792770FBE1006AA0F3 /* Lottie.xcframework */; settings = {ATTRIBUTES = (CodeSignOnCopy, RemoveHeadersOnCopy, ); }; };
		2ED64E5F2770FAB2006AA0F3 /* AppDelegate.swift in Sources */ = {isa = PBXBuildFile; fileRef = 2ED64E5E2770FAB2006AA0F3 /* AppDelegate.swift */; };
		2ED64E612770FAB2006AA0F3 /* SceneDelegate.swift in Sources */ = {isa = PBXBuildFile; fileRef = 2ED64E602770FAB2006AA0F3 /* SceneDelegate.swift */; };
		2ED64E632770FAB2006AA0F3 /* ViewController.swift in Sources */ = {isa = PBXBuildFile; fileRef = 2ED64E622770FAB2006AA0F3 /* ViewController.swift */; };
		2ED64E662770FAB2006AA0F3 /* Main.storyboard in Resources */ = {isa = PBXBuildFile; fileRef = 2ED64E642770FAB2006AA0F3 /* Main.storyboard */; };
		2ED64E682770FAB3006AA0F3 /* Assets.xcassets in Resources */ = {isa = PBXBuildFile; fileRef = 2ED64E672770FAB3006AA0F3 /* Assets.xcassets */; };
		2ED64E6B2770FAB3006AA0F3 /* LaunchScreen.storyboard in Resources */ = {isa = PBXBuildFile; fileRef = 2ED64E692770FAB3006AA0F3 /* LaunchScreen.storyboard */; };
/* End PBXBuildFile section */

/* Begin PBXCopyFilesBuildPhase section */
		08B627872878B04E004526F1 /* Embed Frameworks */ = {
			isa = PBXCopyFilesBuildPhase;
			buildActionMask = 2147483647;
			dstPath = "";
			dstSubfolderSpec = 10;
			files = (
				08B627862878B04E004526F1 /* Lottie.xcframework in Embed Frameworks */,
			);
			name = "Embed Frameworks";
			runOnlyForDeploymentPostprocessing = 0;
		};
		2E6DBE0527723E0900EBD89E /* Embed Frameworks */ = {
			isa = PBXCopyFilesBuildPhase;
			buildActionMask = 2147483647;
			dstPath = "";
			dstSubfolderSpec = 10;
			files = (
				2E6DBE0427723E0900EBD89E /* Lottie.xcframework in Embed Frameworks */,
			);
			name = "Embed Frameworks";
			runOnlyForDeploymentPostprocessing = 0;
		};
/* End PBXCopyFilesBuildPhase section */

/* Begin PBXFileReference section */
		08B627762878AE70004526F1 /* CarthageTest-macOS.app */ = {isa = PBXFileReference; explicitFileType = wrapper.application; includeInIndex = 0; path = "CarthageTest-macOS.app"; sourceTree = BUILT_PRODUCTS_DIR; };
		08B627782878AE70004526F1 /* AppDelegate.swift */ = {isa = PBXFileReference; lastKnownFileType = sourcecode.swift; path = AppDelegate.swift; sourceTree = "<group>"; };
		08B6277A2878AE70004526F1 /* ViewController.swift */ = {isa = PBXFileReference; lastKnownFileType = sourcecode.swift; path = ViewController.swift; sourceTree = "<group>"; };
		08B6277C2878AE72004526F1 /* Assets.xcassets */ = {isa = PBXFileReference; lastKnownFileType = folder.assetcatalog; path = Assets.xcassets; sourceTree = "<group>"; };
		08B6277F2878AE72004526F1 /* Base */ = {isa = PBXFileReference; lastKnownFileType = file.storyboard; name = Base; path = Base.lproj/Main.storyboard; sourceTree = "<group>"; };
		08B627812878AE72004526F1 /* CarthageTest_macOS.entitlements */ = {isa = PBXFileReference; lastKnownFileType = text.plist.entitlements; path = CarthageTest_macOS.entitlements; sourceTree = "<group>"; };
		2ED64E5B2770FAB2006AA0F3 /* CarthageTest.app */ = {isa = PBXFileReference; explicitFileType = wrapper.application; includeInIndex = 0; path = CarthageTest.app; sourceTree = BUILT_PRODUCTS_DIR; };
		2ED64E5E2770FAB2006AA0F3 /* AppDelegate.swift */ = {isa = PBXFileReference; lastKnownFileType = sourcecode.swift; path = AppDelegate.swift; sourceTree = "<group>"; };
		2ED64E602770FAB2006AA0F3 /* SceneDelegate.swift */ = {isa = PBXFileReference; lastKnownFileType = sourcecode.swift; path = SceneDelegate.swift; sourceTree = "<group>"; };
		2ED64E622770FAB2006AA0F3 /* ViewController.swift */ = {isa = PBXFileReference; lastKnownFileType = sourcecode.swift; path = ViewController.swift; sourceTree = "<group>"; };
		2ED64E652770FAB2006AA0F3 /* Base */ = {isa = PBXFileReference; lastKnownFileType = file.storyboard; name = Base; path = Base.lproj/Main.storyboard; sourceTree = "<group>"; };
		2ED64E672770FAB3006AA0F3 /* Assets.xcassets */ = {isa = PBXFileReference; lastKnownFileType = folder.assetcatalog; path = Assets.xcassets; sourceTree = "<group>"; };
		2ED64E6A2770FAB3006AA0F3 /* Base */ = {isa = PBXFileReference; lastKnownFileType = file.storyboard; name = Base; path = Base.lproj/LaunchScreen.storyboard; sourceTree = "<group>"; };
		2ED64E6C2770FAB3006AA0F3 /* Info.plist */ = {isa = PBXFileReference; lastKnownFileType = text.plist.xml; path = Info.plist; sourceTree = "<group>"; };
		2ED64E792770FBE1006AA0F3 /* Lottie.xcframework */ = {isa = PBXFileReference; lastKnownFileType = wrapper.xcframework; name = Lottie.xcframework; path = Carthage/Build/Lottie.xcframework; sourceTree = "<group>"; };
/* End PBXFileReference section */

/* Begin PBXFrameworksBuildPhase section */
		08B627732878AE70004526F1 /* Frameworks */ = {
			isa = PBXFrameworksBuildPhase;
			buildActionMask = 2147483647;
			files = (
				08B627852878B04E004526F1 /* Lottie.xcframework in Frameworks */,
			);
			runOnlyForDeploymentPostprocessing = 0;
		};
		2ED64E582770FAB2006AA0F3 /* Frameworks */ = {
			isa = PBXFrameworksBuildPhase;
			buildActionMask = 2147483647;
			files = (
				2E6DBE0327723E0900EBD89E /* Lottie.xcframework in Frameworks */,
			);
			runOnlyForDeploymentPostprocessing = 0;
		};
/* End PBXFrameworksBuildPhase section */

/* Begin PBXGroup section */
		08B627772878AE70004526F1 /* CarthageTest-macOS */ = {
			isa = PBXGroup;
			children = (
				08B627782878AE70004526F1 /* AppDelegate.swift */,
				08B6277A2878AE70004526F1 /* ViewController.swift */,
				08B6277C2878AE72004526F1 /* Assets.xcassets */,
				08B6277E2878AE72004526F1 /* Main.storyboard */,
				08B627812878AE72004526F1 /* CarthageTest_macOS.entitlements */,
			);
			path = "CarthageTest-macOS";
			sourceTree = "<group>";
		};
		2ED64E522770FAB2006AA0F3 = {
			isa = PBXGroup;
			children = (
				2ED64E5D2770FAB2006AA0F3 /* CarthageTest */,
				08B627772878AE70004526F1 /* CarthageTest-macOS */,
				2ED64E5C2770FAB2006AA0F3 /* Products */,
				2ED64E722770FABF006AA0F3 /* Frameworks */,
			);
			sourceTree = "<group>";
		};
		2ED64E5C2770FAB2006AA0F3 /* Products */ = {
			isa = PBXGroup;
			children = (
				2ED64E5B2770FAB2006AA0F3 /* CarthageTest.app */,
				08B627762878AE70004526F1 /* CarthageTest-macOS.app */,
			);
			name = Products;
			sourceTree = "<group>";
		};
		2ED64E5D2770FAB2006AA0F3 /* CarthageTest */ = {
			isa = PBXGroup;
			children = (
				2ED64E5E2770FAB2006AA0F3 /* AppDelegate.swift */,
				2ED64E602770FAB2006AA0F3 /* SceneDelegate.swift */,
				2ED64E622770FAB2006AA0F3 /* ViewController.swift */,
				2ED64E642770FAB2006AA0F3 /* Main.storyboard */,
				2ED64E672770FAB3006AA0F3 /* Assets.xcassets */,
				2ED64E692770FAB3006AA0F3 /* LaunchScreen.storyboard */,
				2ED64E6C2770FAB3006AA0F3 /* Info.plist */,
			);
			path = CarthageTest;
			sourceTree = "<group>";
		};
		2ED64E722770FABF006AA0F3 /* Frameworks */ = {
			isa = PBXGroup;
			children = (
				2ED64E792770FBE1006AA0F3 /* Lottie.xcframework */,
			);
			name = Frameworks;
			sourceTree = "<group>";
		};
/* End PBXGroup section */

/* Begin PBXNativeTarget section */
		08B627752878AE70004526F1 /* CarthageTest-macOS */ = {
			isa = PBXNativeTarget;
			buildConfigurationList = 08B627842878AE72004526F1 /* Build configuration list for PBXNativeTarget "CarthageTest-macOS" */;
			buildPhases = (
				08B627722878AE70004526F1 /* Sources */,
				08B627732878AE70004526F1 /* Frameworks */,
				08B627742878AE70004526F1 /* Resources */,
				08B627872878B04E004526F1 /* Embed Frameworks */,
			);
			buildRules = (
			);
			dependencies = (
			);
			name = "CarthageTest-macOS";
			productName = "CarthageTest-macOS";
			productReference = 08B627762878AE70004526F1 /* CarthageTest-macOS.app */;
			productType = "com.apple.product-type.application";
		};
		2ED64E5A2770FAB2006AA0F3 /* CarthageTest */ = {
			isa = PBXNativeTarget;
			buildConfigurationList = 2ED64E6F2770FAB3006AA0F3 /* Build configuration list for PBXNativeTarget "CarthageTest" */;
			buildPhases = (
				2ED64E572770FAB2006AA0F3 /* Sources */,
				2ED64E582770FAB2006AA0F3 /* Frameworks */,
				2ED64E592770FAB2006AA0F3 /* Resources */,
				2E6DBE0527723E0900EBD89E /* Embed Frameworks */,
			);
			buildRules = (
			);
			dependencies = (
			);
			name = CarthageTest;
			productName = CarthageTest;
			productReference = 2ED64E5B2770FAB2006AA0F3 /* CarthageTest.app */;
			productType = "com.apple.product-type.application";
		};
/* End PBXNativeTarget section */

/* Begin PBXProject section */
		2ED64E532770FAB2006AA0F3 /* Project object */ = {
			isa = PBXProject;
			attributes = {
				LastSwiftUpdateCheck = 1330;
				LastUpgradeCheck = 1250;
				TargetAttributes = {
					08B627752878AE70004526F1 = {
						CreatedOnToolsVersion = 13.3.1;
					};
					2ED64E5A2770FAB2006AA0F3 = {
						CreatedOnToolsVersion = 12.5.1;
					};
				};
			};
			buildConfigurationList = 2ED64E562770FAB2006AA0F3 /* Build configuration list for PBXProject "CarthageTest" */;
			compatibilityVersion = "Xcode 9.3";
			developmentRegion = en;
			hasScannedForEncodings = 0;
			knownRegions = (
				en,
				Base,
			);
			mainGroup = 2ED64E522770FAB2006AA0F3;
			productRefGroup = 2ED64E5C2770FAB2006AA0F3 /* Products */;
			projectDirPath = "";
			projectRoot = "";
			targets = (
				2ED64E5A2770FAB2006AA0F3 /* CarthageTest */,
				08B627752878AE70004526F1 /* CarthageTest-macOS */,
			);
		};
/* End PBXProject section */

/* Begin PBXResourcesBuildPhase section */
		08B627742878AE70004526F1 /* Resources */ = {
			isa = PBXResourcesBuildPhase;
			buildActionMask = 2147483647;
			files = (
				08B6277D2878AE72004526F1 /* Assets.xcassets in Resources */,
				08B627802878AE72004526F1 /* Main.storyboard in Resources */,
			);
			runOnlyForDeploymentPostprocessing = 0;
		};
		2ED64E592770FAB2006AA0F3 /* Resources */ = {
			isa = PBXResourcesBuildPhase;
			buildActionMask = 2147483647;
			files = (
				2ED64E6B2770FAB3006AA0F3 /* LaunchScreen.storyboard in Resources */,
				2ED64E682770FAB3006AA0F3 /* Assets.xcassets in Resources */,
				2ED64E662770FAB2006AA0F3 /* Main.storyboard in Resources */,
			);
			runOnlyForDeploymentPostprocessing = 0;
		};
/* End PBXResourcesBuildPhase section */

/* Begin PBXSourcesBuildPhase section */
		08B627722878AE70004526F1 /* Sources */ = {
			isa = PBXSourcesBuildPhase;
			buildActionMask = 2147483647;
			files = (
				08B6277B2878AE70004526F1 /* ViewController.swift in Sources */,
				08B627792878AE70004526F1 /* AppDelegate.swift in Sources */,
			);
			runOnlyForDeploymentPostprocessing = 0;
		};
		2ED64E572770FAB2006AA0F3 /* Sources */ = {
			isa = PBXSourcesBuildPhase;
			buildActionMask = 2147483647;
			files = (
				2ED64E632770FAB2006AA0F3 /* ViewController.swift in Sources */,
				2ED64E5F2770FAB2006AA0F3 /* AppDelegate.swift in Sources */,
				2ED64E612770FAB2006AA0F3 /* SceneDelegate.swift in Sources */,
			);
			runOnlyForDeploymentPostprocessing = 0;
		};
/* End PBXSourcesBuildPhase section */

/* Begin PBXVariantGroup section */
		08B6277E2878AE72004526F1 /* Main.storyboard */ = {
			isa = PBXVariantGroup;
			children = (
				08B6277F2878AE72004526F1 /* Base */,
			);
			name = Main.storyboard;
			sourceTree = "<group>";
		};
		2ED64E642770FAB2006AA0F3 /* Main.storyboard */ = {
			isa = PBXVariantGroup;
			children = (
				2ED64E652770FAB2006AA0F3 /* Base */,
			);
			name = Main.storyboard;
			sourceTree = "<group>";
		};
		2ED64E692770FAB3006AA0F3 /* LaunchScreen.storyboard */ = {
			isa = PBXVariantGroup;
			children = (
				2ED64E6A2770FAB3006AA0F3 /* Base */,
			);
			name = LaunchScreen.storyboard;
			sourceTree = "<group>";
		};
/* End PBXVariantGroup section */

/* Begin XCBuildConfiguration section */
		08B627822878AE72004526F1 /* Debug */ = {
			isa = XCBuildConfiguration;
			buildSettings = {
				ASSETCATALOG_COMPILER_APPICON_NAME = AppIcon;
				ASSETCATALOG_COMPILER_GLOBAL_ACCENT_COLOR_NAME = AccentColor;
				CLANG_CXX_LANGUAGE_STANDARD = "gnu++17";
				CODE_SIGN_ENTITLEMENTS = "CarthageTest-macOS/CarthageTest_macOS.entitlements";
				CODE_SIGN_STYLE = Automatic;
				COMBINE_HIDPI_IMAGES = YES;
				CURRENT_PROJECT_VERSION = 1;
				GENERATE_INFOPLIST_FILE = YES;
				INFOPLIST_KEY_NSHumanReadableCopyright = "";
				INFOPLIST_KEY_NSMainStoryboardFile = Main;
				INFOPLIST_KEY_NSPrincipalClass = NSApplication;
				LD_RUNPATH_SEARCH_PATHS = (
					"$(inherited)",
					"@executable_path/../Frameworks",
				);
				MACOSX_DEPLOYMENT_TARGET = 12.3;
				MARKETING_VERSION = 1.0;
				PRODUCT_BUNDLE_IDENTIFIER = "com.airbnb.lottie.CarthageTest-macOS";
				PRODUCT_NAME = "$(TARGET_NAME)";
				SDKROOT = macosx;
				SWIFT_EMIT_LOC_STRINGS = YES;
				SWIFT_VERSION = 5.0;
			};
			name = Debug;
		};
		08B627832878AE72004526F1 /* Release */ = {
			isa = XCBuildConfiguration;
			buildSettings = {
				ASSETCATALOG_COMPILER_APPICON_NAME = AppIcon;
				ASSETCATALOG_COMPILER_GLOBAL_ACCENT_COLOR_NAME = AccentColor;
				CLANG_CXX_LANGUAGE_STANDARD = "gnu++17";
				CODE_SIGN_ENTITLEMENTS = "CarthageTest-macOS/CarthageTest_macOS.entitlements";
				CODE_SIGN_STYLE = Automatic;
				COMBINE_HIDPI_IMAGES = YES;
				CURRENT_PROJECT_VERSION = 1;
				GENERATE_INFOPLIST_FILE = YES;
				INFOPLIST_KEY_NSHumanReadableCopyright = "";
				INFOPLIST_KEY_NSMainStoryboardFile = Main;
				INFOPLIST_KEY_NSPrincipalClass = NSApplication;
				LD_RUNPATH_SEARCH_PATHS = (
					"$(inherited)",
					"@executable_path/../Frameworks",
				);
				MACOSX_DEPLOYMENT_TARGET = 12.3;
				MARKETING_VERSION = 1.0;
				PRODUCT_BUNDLE_IDENTIFIER = "com.airbnb.lottie.CarthageTest-macOS";
				PRODUCT_NAME = "$(TARGET_NAME)";
				SDKROOT = macosx;
				SWIFT_EMIT_LOC_STRINGS = YES;
				SWIFT_VERSION = 5.0;
			};
			name = Release;
		};
		2ED64E6D2770FAB3006AA0F3 /* Debug */ = {
			isa = XCBuildConfiguration;
			buildSettings = {
				ALWAYS_SEARCH_USER_PATHS = NO;
				CLANG_ANALYZER_NONNULL = YES;
				CLANG_ANALYZER_NUMBER_OBJECT_CONVERSION = YES_AGGRESSIVE;
				CLANG_CXX_LANGUAGE_STANDARD = "gnu++14";
				CLANG_CXX_LIBRARY = "libc++";
				CLANG_ENABLE_MODULES = YES;
				CLANG_ENABLE_OBJC_ARC = YES;
				CLANG_ENABLE_OBJC_WEAK = YES;
				CLANG_WARN_BLOCK_CAPTURE_AUTORELEASING = YES;
				CLANG_WARN_BOOL_CONVERSION = YES;
				CLANG_WARN_COMMA = YES;
				CLANG_WARN_CONSTANT_CONVERSION = YES;
				CLANG_WARN_DEPRECATED_OBJC_IMPLEMENTATIONS = YES;
				CLANG_WARN_DIRECT_OBJC_ISA_USAGE = YES_ERROR;
				CLANG_WARN_DOCUMENTATION_COMMENTS = YES;
				CLANG_WARN_EMPTY_BODY = YES;
				CLANG_WARN_ENUM_CONVERSION = YES;
				CLANG_WARN_INFINITE_RECURSION = YES;
				CLANG_WARN_INT_CONVERSION = YES;
				CLANG_WARN_NON_LITERAL_NULL_CONVERSION = YES;
				CLANG_WARN_OBJC_IMPLICIT_RETAIN_SELF = YES;
				CLANG_WARN_OBJC_LITERAL_CONVERSION = YES;
				CLANG_WARN_OBJC_ROOT_CLASS = YES_ERROR;
				CLANG_WARN_QUOTED_INCLUDE_IN_FRAMEWORK_HEADER = YES;
				CLANG_WARN_RANGE_LOOP_ANALYSIS = YES;
				CLANG_WARN_STRICT_PROTOTYPES = YES;
				CLANG_WARN_SUSPICIOUS_MOVE = YES;
				CLANG_WARN_UNGUARDED_AVAILABILITY = YES_AGGRESSIVE;
				CLANG_WARN_UNREACHABLE_CODE = YES;
				CLANG_WARN__DUPLICATE_METHOD_MATCH = YES;
				COPY_PHASE_STRIP = NO;
				DEBUG_INFORMATION_FORMAT = dwarf;
				ENABLE_STRICT_OBJC_MSGSEND = YES;
				ENABLE_TESTABILITY = YES;
				GCC_C_LANGUAGE_STANDARD = gnu11;
				GCC_DYNAMIC_NO_PIC = NO;
				GCC_NO_COMMON_BLOCKS = YES;
				GCC_OPTIMIZATION_LEVEL = 0;
				GCC_PREPROCESSOR_DEFINITIONS = (
					"DEBUG=1",
					"$(inherited)",
				);
				GCC_WARN_64_TO_32_BIT_CONVERSION = YES;
				GCC_WARN_ABOUT_RETURN_TYPE = YES_ERROR;
				GCC_WARN_UNDECLARED_SELECTOR = YES;
				GCC_WARN_UNINITIALIZED_AUTOS = YES_AGGRESSIVE;
				GCC_WARN_UNUSED_FUNCTION = YES;
				GCC_WARN_UNUSED_VARIABLE = YES;
				IPHONEOS_DEPLOYMENT_TARGET = 14.5;
				MTL_ENABLE_DEBUG_INFO = INCLUDE_SOURCE;
				MTL_FAST_MATH = YES;
				ONLY_ACTIVE_ARCH = YES;
				SDKROOT = iphoneos;
				SWIFT_ACTIVE_COMPILATION_CONDITIONS = DEBUG;
				SWIFT_OPTIMIZATION_LEVEL = "-Onone";
			};
			name = Debug;
		};
		2ED64E6E2770FAB3006AA0F3 /* Release */ = {
			isa = XCBuildConfiguration;
			buildSettings = {
				ALWAYS_SEARCH_USER_PATHS = NO;
				CLANG_ANALYZER_NONNULL = YES;
				CLANG_ANALYZER_NUMBER_OBJECT_CONVERSION = YES_AGGRESSIVE;
				CLANG_CXX_LANGUAGE_STANDARD = "gnu++14";
				CLANG_CXX_LIBRARY = "libc++";
				CLANG_ENABLE_MODULES = YES;
				CLANG_ENABLE_OBJC_ARC = YES;
				CLANG_ENABLE_OBJC_WEAK = YES;
				CLANG_WARN_BLOCK_CAPTURE_AUTORELEASING = YES;
				CLANG_WARN_BOOL_CONVERSION = YES;
				CLANG_WARN_COMMA = YES;
				CLANG_WARN_CONSTANT_CONVERSION = YES;
				CLANG_WARN_DEPRECATED_OBJC_IMPLEMENTATIONS = YES;
				CLANG_WARN_DIRECT_OBJC_ISA_USAGE = YES_ERROR;
				CLANG_WARN_DOCUMENTATION_COMMENTS = YES;
				CLANG_WARN_EMPTY_BODY = YES;
				CLANG_WARN_ENUM_CONVERSION = YES;
				CLANG_WARN_INFINITE_RECURSION = YES;
				CLANG_WARN_INT_CONVERSION = YES;
				CLANG_WARN_NON_LITERAL_NULL_CONVERSION = YES;
				CLANG_WARN_OBJC_IMPLICIT_RETAIN_SELF = YES;
				CLANG_WARN_OBJC_LITERAL_CONVERSION = YES;
				CLANG_WARN_OBJC_ROOT_CLASS = YES_ERROR;
				CLANG_WARN_QUOTED_INCLUDE_IN_FRAMEWORK_HEADER = YES;
				CLANG_WARN_RANGE_LOOP_ANALYSIS = YES;
				CLANG_WARN_STRICT_PROTOTYPES = YES;
				CLANG_WARN_SUSPICIOUS_MOVE = YES;
				CLANG_WARN_UNGUARDED_AVAILABILITY = YES_AGGRESSIVE;
				CLANG_WARN_UNREACHABLE_CODE = YES;
				CLANG_WARN__DUPLICATE_METHOD_MATCH = YES;
				COPY_PHASE_STRIP = NO;
				DEBUG_INFORMATION_FORMAT = "dwarf-with-dsym";
				ENABLE_NS_ASSERTIONS = NO;
				ENABLE_STRICT_OBJC_MSGSEND = YES;
				GCC_C_LANGUAGE_STANDARD = gnu11;
				GCC_NO_COMMON_BLOCKS = YES;
				GCC_WARN_64_TO_32_BIT_CONVERSION = YES;
				GCC_WARN_ABOUT_RETURN_TYPE = YES_ERROR;
				GCC_WARN_UNDECLARED_SELECTOR = YES;
				GCC_WARN_UNINITIALIZED_AUTOS = YES_AGGRESSIVE;
				GCC_WARN_UNUSED_FUNCTION = YES;
				GCC_WARN_UNUSED_VARIABLE = YES;
				IPHONEOS_DEPLOYMENT_TARGET = 14.5;
				MTL_ENABLE_DEBUG_INFO = NO;
				MTL_FAST_MATH = YES;
				SDKROOT = iphoneos;
				SWIFT_COMPILATION_MODE = wholemodule;
				SWIFT_OPTIMIZATION_LEVEL = "-O";
				VALIDATE_PRODUCT = YES;
			};
			name = Release;
		};
		2ED64E702770FAB3006AA0F3 /* Debug */ = {
			isa = XCBuildConfiguration;
			buildSettings = {
				ASSETCATALOG_COMPILER_APPICON_NAME = AppIcon;
				ASSETCATALOG_COMPILER_GLOBAL_ACCENT_COLOR_NAME = AccentColor;
				CODE_SIGN_STYLE = Automatic;
				DEVELOPMENT_TEAM = "";
				INFOPLIST_FILE = CarthageTest/Info.plist;
				LD_RUNPATH_SEARCH_PATHS = (
					"$(inherited)",
					"@executable_path/Frameworks",
				);
				PRODUCT_BUNDLE_IDENTIFIER = com.airbnb.lottie.CarthageTest;
				PRODUCT_NAME = "$(TARGET_NAME)";
				SWIFT_VERSION = 5.0;
				TARGETED_DEVICE_FAMILY = "1,2";
			};
			name = Debug;
		};
		2ED64E712770FAB3006AA0F3 /* Release */ = {
			isa = XCBuildConfiguration;
			buildSettings = {
				ASSETCATALOG_COMPILER_APPICON_NAME = AppIcon;
				ASSETCATALOG_COMPILER_GLOBAL_ACCENT_COLOR_NAME = AccentColor;
				CODE_SIGN_STYLE = Automatic;
				DEVELOPMENT_TEAM = "";
				INFOPLIST_FILE = CarthageTest/Info.plist;
				LD_RUNPATH_SEARCH_PATHS = (
					"$(inherited)",
					"@executable_path/Frameworks",
				);
				PRODUCT_BUNDLE_IDENTIFIER = com.airbnb.lottie.CarthageTest;
				PRODUCT_NAME = "$(TARGET_NAME)";
				SWIFT_VERSION = 5.0;
				TARGETED_DEVICE_FAMILY = "1,2";
			};
			name = Release;
		};
/* End XCBuildConfiguration section */

/* Begin XCConfigurationList section */
		08B627842878AE72004526F1 /* Build configuration list for PBXNativeTarget "CarthageTest-macOS" */ = {
			isa = XCConfigurationList;
			buildConfigurations = (
				08B627822878AE72004526F1 /* Debug */,
				08B627832878AE72004526F1 /* Release */,
			);
			defaultConfigurationIsVisible = 0;
			defaultConfigurationName = Release;
		};
		2ED64E562770FAB2006AA0F3 /* Build configuration list for PBXProject "CarthageTest" */ = {
			isa = XCConfigurationList;
			buildConfigurations = (
				2ED64E6D2770FAB3006AA0F3 /* Debug */,
				2ED64E6E2770FAB3006AA0F3 /* Release */,
			);
			defaultConfigurationIsVisible = 0;
			defaultConfigurationName = Release;
		};
		2ED64E6F2770FAB3006AA0F3 /* Build configuration list for PBXNativeTarget "CarthageTest" */ = {
			isa = XCConfigurationList;
			buildConfigurations = (
				2ED64E702770FAB3006AA0F3 /* Debug */,
				2ED64E712770FAB3006AA0F3 /* Release */,
			);
			defaultConfigurationIsVisible = 0;
			defaultConfigurationName = Release;
		};
/* End XCConfigurationList section */
	};
	rootObject = 2ED64E532770FAB2006AA0F3 /* Project object */;
}
