// !$*UTF8*$!
{
	archiveVersion = 1;
	classes = {
	};
	objectVersion = 46;
	objects = {

/* Begin PBXBuildFile section */
		4883E4B01E5E68AE00027E57 /* Hosts.m in Sources */ = {isa = PBXBuildFile; fileRef = 4883E4AF1E5E68AE00027E57 /* Hosts.m */; };
		4883E4B21E5E68C900027E57 /* LightBulb.m in Sources */ = {isa = PBXBuildFile; fileRef = 4883E4B11E5E68C900027E57 /* LightBulb.m */; };
		4883E4B41E5E68DC00027E57 /* TrimPathFill.m in Sources */ = {isa = PBXBuildFile; fileRef = 4883E4B31E5E68DC00027E57 /* TrimPathFill.m */; };
		4883E4B61E5E68E600027E57 /* TrimPathsFull.m in Sources */ = {isa = PBXBuildFile; fileRef = 4883E4B51E5E68E600027E57 /* TrimPathsFull.m */; };
		4883E4B81E5E690500027E57 /* SplitDimensions.m in Sources */ = {isa = PBXBuildFile; fileRef = 4883E4B71E5E690500027E57 /* SplitDimensions.m */; };
		4883E4BF1E5E6AF000027E57 /* 9squares-AlBoardman.json in Resources */ = {isa = PBXBuildFile; fileRef = 4883E4B91E5E6AF000027E57 /* 9squares-AlBoardman.json */; };
		4883E4C01E5E6AF000027E57 /* 9squares-AlBoardman.json in Resources */ = {isa = PBXBuildFile; fileRef = 4883E4B91E5E6AF000027E57 /* 9squares-AlBoardman.json */; };
		4883E4C31E5E6AF000027E57 /* EmptyState.json in Resources */ = {isa = PBXBuildFile; fileRef = 4883E4BB1E5E6AF000027E57 /* EmptyState.json */; };
		4883E4C41E5E6AF000027E57 /* EmptyState.json in Resources */ = {isa = PBXBuildFile; fileRef = 4883E4BB1E5E6AF000027E57 /* EmptyState.json */; };
		4883E4C51E5E6AF000027E57 /* HamburgerArrow.json in Resources */ = {isa = PBXBuildFile; fileRef = 4883E4BC1E5E6AF000027E57 /* HamburgerArrow.json */; };
		4883E4C61E5E6AF000027E57 /* HamburgerArrow.json in Resources */ = {isa = PBXBuildFile; fileRef = 4883E4BC1E5E6AF000027E57 /* HamburgerArrow.json */; };
		4883E4C71E5E6AF000027E57 /* PinJump.json in Resources */ = {isa = PBXBuildFile; fileRef = 4883E4BD1E5E6AF000027E57 /* PinJump.json */; };
		4883E4C81E5E6AF000027E57 /* PinJump.json in Resources */ = {isa = PBXBuildFile; fileRef = 4883E4BD1E5E6AF000027E57 /* PinJump.json */; };
		4883E4C91E5E6AF000027E57 /* TwitterHeart.json in Resources */ = {isa = PBXBuildFile; fileRef = 4883E4BE1E5E6AF000027E57 /* TwitterHeart.json */; };
		4883E4CA1E5E6AF000027E57 /* TwitterHeart.json in Resources */ = {isa = PBXBuildFile; fileRef = 4883E4BE1E5E6AF000027E57 /* TwitterHeart.json */; };
		4883E4CC1E5E6B0900027E57 /* AlBoardmanTest.m in Sources */ = {isa = PBXBuildFile; fileRef = 4883E4CB1E5E6B0900027E57 /* AlBoardmanTest.m */; };
		4883E4CE1E5E6B2D00027E57 /* HamburgerArrowTest.m in Sources */ = {isa = PBXBuildFile; fileRef = 4883E4CD1E5E6B2D00027E57 /* HamburgerArrowTest.m */; };
		4883E4D01E5E6B3B00027E57 /* PinJump.m in Sources */ = {isa = PBXBuildFile; fileRef = 4883E4CF1E5E6B3B00027E57 /* PinJump.m */; };
		4883E4D21E5E6B4B00027E57 /* TwitterHeartTest.m in Sources */ = {isa = PBXBuildFile; fileRef = 4883E4D11E5E6B4B00027E57 /* TwitterHeartTest.m */; };
		4883E4D41E5E6C6100027E57 /* LoopPlayOnceTest.m in Sources */ = {isa = PBXBuildFile; fileRef = 4883E4D31E5E6C6100027E57 /* LoopPlayOnceTest.m */; };
		4883E4D61E5E6C7C00027E57 /* EmpyStateTest.m in Sources */ = {isa = PBXBuildFile; fileRef = 4883E4D51E5E6C7C00027E57 /* EmpyStateTest.m */; };
		4883E4FF1E60ACAF00027E57 /* PhonePreCompTest.m in Sources */ = {isa = PBXBuildFile; fileRef = 4883E4FE1E60ACAF00027E57 /* PhonePreCompTest.m */; };
		4883E5011E60ACC800027E57 /* phonePreComp.json in Resources */ = {isa = PBXBuildFile; fileRef = 4883E5001E60ACC800027E57 /* phonePreComp.json */; };
		4883E5021E60ACC800027E57 /* phonePreComp.json in Resources */ = {isa = PBXBuildFile; fileRef = 4883E5001E60ACC800027E57 /* phonePreComp.json */; };
		4883E5451E60CE6100027E57 /* img_0.png in Resources */ = {isa = PBXBuildFile; fileRef = 4883E5441E60CE6100027E57 /* img_0.png */; };
		4883E5461E60CE6100027E57 /* img_0.png in Resources */ = {isa = PBXBuildFile; fileRef = 4883E5441E60CE6100027E57 /* img_0.png */; };
		4883E5481E60CE6800027E57 /* Image.json in Resources */ = {isa = PBXBuildFile; fileRef = 4883E5471E60CE6800027E57 /* Image.json */; };
		4883E5491E60CE6800027E57 /* Image.json in Resources */ = {isa = PBXBuildFile; fileRef = 4883E5471E60CE6800027E57 /* Image.json */; };
		4883E54B1E60CE6C00027E57 /* image_2.json in Resources */ = {isa = PBXBuildFile; fileRef = 4883E54A1E60CE6C00027E57 /* image_2.json */; };
		4883E54C1E60CE6C00027E57 /* image_2.json in Resources */ = {isa = PBXBuildFile; fileRef = 4883E54A1E60CE6C00027E57 /* image_2.json */; };
		4883E54E1E60CE8600027E57 /* ImageLoadTest.m in Sources */ = {isa = PBXBuildFile; fileRef = 4883E54D1E60CE8600027E57 /* ImageLoadTest.m */; };
		4883E5501E60CE9900027E57 /* ImageMoveTest.m in Sources */ = {isa = PBXBuildFile; fileRef = 4883E54F1E60CE9900027E57 /* ImageMoveTest.m */; };
		4883E5671E64EB4500027E57 /* anchorTest.json in Resources */ = {isa = PBXBuildFile; fileRef = 4883E5651E64EB4500027E57 /* anchorTest.json */; };
		4883E5681E64EB4500027E57 /* anchorTest.json in Resources */ = {isa = PBXBuildFile; fileRef = 4883E5651E64EB4500027E57 /* anchorTest.json */; };
		4883E5691E64EB4500027E57 /* ImageXforms.json in Resources */ = {isa = PBXBuildFile; fileRef = 4883E5661E64EB4500027E57 /* ImageXforms.json */; };
		4883E56A1E64EB4500027E57 /* ImageXforms.json in Resources */ = {isa = PBXBuildFile; fileRef = 4883E5661E64EB4500027E57 /* ImageXforms.json */; };
		4883E56C1E64EB5700027E57 /* ImageTransformTest.m in Sources */ = {isa = PBXBuildFile; fileRef = 4883E56B1E64EB5700027E57 /* ImageTransformTest.m */; };
		4883E56E1E64EB9B00027E57 /* AnchorTest.m in Sources */ = {isa = PBXBuildFile; fileRef = 4883E56D1E64EB9B00027E57 /* AnchorTest.m */; };
		48D2C7171E5D158A00CC145E /* main.m in Sources */ = {isa = PBXBuildFile; fileRef = 48D2C7161E5D158A00CC145E /* main.m */; };
		48D2C71A1E5D158A00CC145E /* AppDelegate.m in Sources */ = {isa = PBXBuildFile; fileRef = 48D2C7191E5D158A00CC145E /* AppDelegate.m */; };
		48D2C71D1E5D158A00CC145E /* ViewController.m in Sources */ = {isa = PBXBuildFile; fileRef = 48D2C71C1E5D158A00CC145E /* ViewController.m */; };
		48D2C7201E5D158A00CC145E /* Main.storyboard in Resources */ = {isa = PBXBuildFile; fileRef = 48D2C71E1E5D158A00CC145E /* Main.storyboard */; };
		48D2C7221E5D158A00CC145E /* Assets.xcassets in Resources */ = {isa = PBXBuildFile; fileRef = 48D2C7211E5D158A00CC145E /* Assets.xcassets */; };
		48D2C7251E5D158A00CC145E /* LaunchScreen.storyboard in Resources */ = {isa = PBXBuildFile; fileRef = 48D2C7231E5D158A00CC145E /* LaunchScreen.storyboard */; };
		48D2C7301E5D158A00CC145E /* LottieLogoTest.m in Sources */ = {isa = PBXBuildFile; fileRef = 48D2C72F1E5D158A00CC145E /* LottieLogoTest.m */; };
		48EAE1EF1E5D16E30077ED37 /* LottieLogo1.json in Resources */ = {isa = PBXBuildFile; fileRef = 48EAE1ED1E5D16E30077ED37 /* LottieLogo1.json */; };
		48EAE1F01E5D16E30077ED37 /* LottieLogo1.json in Resources */ = {isa = PBXBuildFile; fileRef = 48EAE1ED1E5D16E30077ED37 /* LottieLogo1.json */; };
		48EAE1F11E5D16E30077ED37 /* LottieLogo2.json in Resources */ = {isa = PBXBuildFile; fileRef = 48EAE1EE1E5D16E30077ED37 /* LottieLogo2.json */; };
		48EAE1F21E5D16E30077ED37 /* LottieLogo2.json in Resources */ = {isa = PBXBuildFile; fileRef = 48EAE1EE1E5D16E30077ED37 /* LottieLogo2.json */; };
		48EAE1F41E5E5BC60077ED37 /* LottieLogoTestB.m in Sources */ = {isa = PBXBuildFile; fileRef = 48EAE1F31E5E5BC60077ED37 /* LottieLogoTestB.m */; };
		48EAE1FA1E5E5EE10077ED37 /* LottieAnimationTestCase.m in Sources */ = {isa = PBXBuildFile; fileRef = 48EAE1F61E5E5C900077ED37 /* LottieAnimationTestCase.m */; };
		48EAE2101E5E615E0077ED37 /* Alarm.json in Resources */ = {isa = PBXBuildFile; fileRef = 48EAE1FB1E5E615E0077ED37 /* Alarm.json */; };
		48EAE2111E5E615E0077ED37 /* Alarm.json in Resources */ = {isa = PBXBuildFile; fileRef = 48EAE1FB1E5E615E0077ED37 /* Alarm.json */; };
		48EAE2121E5E615E0077ED37 /* AllSet.json in Resources */ = {isa = PBXBuildFile; fileRef = 48EAE1FC1E5E615E0077ED37 /* AllSet.json */; };
		48EAE2131E5E615E0077ED37 /* AllSet.json in Resources */ = {isa = PBXBuildFile; fileRef = 48EAE1FC1E5E615E0077ED37 /* AllSet.json */; };
		48EAE2141E5E615E0077ED37 /* CheckSwitch.json in Resources */ = {isa = PBXBuildFile; fileRef = 48EAE1FD1E5E615E0077ED37 /* CheckSwitch.json */; };
		48EAE2151E5E615E0077ED37 /* CheckSwitch.json in Resources */ = {isa = PBXBuildFile; fileRef = 48EAE1FD1E5E615E0077ED37 /* CheckSwitch.json */; };
		48EAE2161E5E615E0077ED37 /* City.json in Resources */ = {isa = PBXBuildFile; fileRef = 48EAE1FE1E5E615E0077ED37 /* City.json */; };
		48EAE2171E5E615E0077ED37 /* City.json in Resources */ = {isa = PBXBuildFile; fileRef = 48EAE1FE1E5E615E0077ED37 /* City.json */; };
		48EAE21A1E5E615F0077ED37 /* Hosts.json in Resources */ = {isa = PBXBuildFile; fileRef = 48EAE2001E5E615E0077ED37 /* Hosts.json */; };
		48EAE21B1E5E615F0077ED37 /* Hosts.json in Resources */ = {isa = PBXBuildFile; fileRef = 48EAE2001E5E615E0077ED37 /* Hosts.json */; };
		48EAE2201E5E615F0077ED37 /* LightBulb.json in Resources */ = {isa = PBXBuildFile; fileRef = 48EAE2031E5E615E0077ED37 /* LightBulb.json */; };
		48EAE2211E5E615F0077ED37 /* LightBulb.json in Resources */ = {isa = PBXBuildFile; fileRef = 48EAE2031E5E615E0077ED37 /* LightBulb.json */; };
		48EAE2221E5E615F0077ED37 /* LoopPlayOnce.json in Resources */ = {isa = PBXBuildFile; fileRef = 48EAE2041E5E615E0077ED37 /* LoopPlayOnce.json */; };
		48EAE2231E5E615F0077ED37 /* LoopPlayOnce.json in Resources */ = {isa = PBXBuildFile; fileRef = 48EAE2041E5E615E0077ED37 /* LoopPlayOnce.json */; };
		48EAE2321E5E615F0077ED37 /* SplitDimensions.json in Resources */ = {isa = PBXBuildFile; fileRef = 48EAE20C1E5E615E0077ED37 /* SplitDimensions.json */; };
		48EAE2331E5E615F0077ED37 /* SplitDimensions.json in Resources */ = {isa = PBXBuildFile; fileRef = 48EAE20C1E5E615E0077ED37 /* SplitDimensions.json */; };
		48EAE2361E5E615F0077ED37 /* TrimPathFill.json in Resources */ = {isa = PBXBuildFile; fileRef = 48EAE20E1E5E615E0077ED37 /* TrimPathFill.json */; };
		48EAE2371E5E615F0077ED37 /* TrimPathFill.json in Resources */ = {isa = PBXBuildFile; fileRef = 48EAE20E1E5E615E0077ED37 /* TrimPathFill.json */; };
		48EAE2381E5E615F0077ED37 /* TrimPathsFull.json in Resources */ = {isa = PBXBuildFile; fileRef = 48EAE20F1E5E615E0077ED37 /* TrimPathsFull.json */; };
		48EAE2391E5E615F0077ED37 /* TrimPathsFull.json in Resources */ = {isa = PBXBuildFile; fileRef = 48EAE20F1E5E615E0077ED37 /* TrimPathsFull.json */; };
		48EAE23B1E5E61690077ED37 /* pathStrokeTests.json in Resources */ = {isa = PBXBuildFile; fileRef = 48EAE23A1E5E61690077ED37 /* pathStrokeTests.json */; };
		48EAE23C1E5E61690077ED37 /* pathStrokeTests.json in Resources */ = {isa = PBXBuildFile; fileRef = 48EAE23A1E5E61690077ED37 /* pathStrokeTests.json */; };
		48EAE23E1E5E61940077ED37 /* PathStrokeTest.m in Sources */ = {isa = PBXBuildFile; fileRef = 48EAE23D1E5E61940077ED37 /* PathStrokeTest.m */; };
		48EAE2401E5E61E60077ED37 /* AlarmTest.m in Sources */ = {isa = PBXBuildFile; fileRef = 48EAE23F1E5E61E60077ED37 /* AlarmTest.m */; };
		48EAE2421E5E621F0077ED37 /* AllSetTest.m in Sources */ = {isa = PBXBuildFile; fileRef = 48EAE2411E5E621F0077ED37 /* AllSetTest.m */; };
		48EAE2441E5E62630077ED37 /* CheckSwitchTest.m in Sources */ = {isa = PBXBuildFile; fileRef = 48EAE2431E5E62630077ED37 /* CheckSwitchTest.m */; };
		48EAE2461E5E62EC0077ED37 /* CityTest.m in Sources */ = {isa = PBXBuildFile; fileRef = 48EAE2451E5E62EC0077ED37 /* CityTest.m */; };
		7430EF079D0FCC6AA8C33A04 /* libPods-Lottie-ScreenshotTests.a in Frameworks */ = {isa = PBXBuildFile; fileRef = 82669855296AD13CD2C90346 /* libPods-Lottie-ScreenshotTests.a */; };
		7ACB14BFE835B99A8BA525EC /* libPods-Lottie-Screenshot.a in Frameworks */ = {isa = PBXBuildFile; fileRef = EDDE8DDE7C18B5DBE9E91BC1 /* libPods-Lottie-Screenshot.a */; };
/* End PBXBuildFile section */

/* Begin PBXContainerItemProxy section */
		48D2C72C1E5D158A00CC145E /* PBXContainerItemProxy */ = {
			isa = PBXContainerItemProxy;
			containerPortal = 48D2C70A1E5D158A00CC145E /* Project object */;
			proxyType = 1;
			remoteGlobalIDString = 48D2C7111E5D158A00CC145E;
			remoteInfo = "Lottie-Screenshot";
		};
/* End PBXContainerItemProxy section */

/* Begin PBXFileReference section */
		0B9CEBE2C6713C7A0FFB9B22 /* Pods-Lottie-Screenshot.debug.xcconfig */ = {isa = PBXFileReference; includeInIndex = 1; lastKnownFileType = text.xcconfig; name = "Pods-Lottie-Screenshot.debug.xcconfig"; path = "Pods/Target Support Files/Pods-Lottie-Screenshot/Pods-Lottie-Screenshot.debug.xcconfig"; sourceTree = "<group>"; };
		217C267174982CD7145A5BF6 /* Pods-Lottie-ScreenshotTests.debug.xcconfig */ = {isa = PBXFileReference; includeInIndex = 1; lastKnownFileType = text.xcconfig; name = "Pods-Lottie-ScreenshotTests.debug.xcconfig"; path = "Pods/Target Support Files/Pods-Lottie-ScreenshotTests/Pods-Lottie-ScreenshotTests.debug.xcconfig"; sourceTree = "<group>"; };
		3905E1724A3AE8C2E86DC75A /* Pods-Lottie-ScreenshotUITests.release.xcconfig */ = {isa = PBXFileReference; includeInIndex = 1; lastKnownFileType = text.xcconfig; name = "Pods-Lottie-ScreenshotUITests.release.xcconfig"; path = "Pods/Target Support Files/Pods-Lottie-ScreenshotUITests/Pods-Lottie-ScreenshotUITests.release.xcconfig"; sourceTree = "<group>"; };
		4883E4AF1E5E68AE00027E57 /* Hosts.m */ = {isa = PBXFileReference; fileEncoding = 4; lastKnownFileType = sourcecode.c.objc; path = Hosts.m; sourceTree = "<group>"; };
		4883E4B11E5E68C900027E57 /* LightBulb.m */ = {isa = PBXFileReference; fileEncoding = 4; lastKnownFileType = sourcecode.c.objc; path = LightBulb.m; sourceTree = "<group>"; };
		4883E4B31E5E68DC00027E57 /* TrimPathFill.m */ = {isa = PBXFileReference; fileEncoding = 4; lastKnownFileType = sourcecode.c.objc; path = TrimPathFill.m; sourceTree = "<group>"; };
		4883E4B51E5E68E600027E57 /* TrimPathsFull.m */ = {isa = PBXFileReference; fileEncoding = 4; lastKnownFileType = sourcecode.c.objc; path = TrimPathsFull.m; sourceTree = "<group>"; };
		4883E4B71E5E690500027E57 /* SplitDimensions.m */ = {isa = PBXFileReference; fileEncoding = 4; lastKnownFileType = sourcecode.c.objc; path = SplitDimensions.m; sourceTree = "<group>"; };
		4883E4B91E5E6AF000027E57 /* 9squares-AlBoardman.json */ = {isa = PBXFileReference; fileEncoding = 4; lastKnownFileType = text.json; path = "9squares-AlBoardman.json"; sourceTree = "<group>"; };
		4883E4BB1E5E6AF000027E57 /* EmptyState.json */ = {isa = PBXFileReference; fileEncoding = 4; lastKnownFileType = text.json; path = EmptyState.json; sourceTree = "<group>"; };
		4883E4BC1E5E6AF000027E57 /* HamburgerArrow.json */ = {isa = PBXFileReference; fileEncoding = 4; lastKnownFileType = text.json; path = HamburgerArrow.json; sourceTree = "<group>"; };
		4883E4BD1E5E6AF000027E57 /* PinJump.json */ = {isa = PBXFileReference; fileEncoding = 4; lastKnownFileType = text.json; path = PinJump.json; sourceTree = "<group>"; };
		4883E4BE1E5E6AF000027E57 /* TwitterHeart.json */ = {isa = PBXFileReference; fileEncoding = 4; lastKnownFileType = text.json; path = TwitterHeart.json; sourceTree = "<group>"; };
		4883E4CB1E5E6B0900027E57 /* AlBoardmanTest.m */ = {isa = PBXFileReference; fileEncoding = 4; lastKnownFileType = sourcecode.c.objc; path = AlBoardmanTest.m; sourceTree = "<group>"; };
		4883E4CD1E5E6B2D00027E57 /* HamburgerArrowTest.m */ = {isa = PBXFileReference; fileEncoding = 4; lastKnownFileType = sourcecode.c.objc; path = HamburgerArrowTest.m; sourceTree = "<group>"; };
		4883E4CF1E5E6B3B00027E57 /* PinJump.m */ = {isa = PBXFileReference; fileEncoding = 4; lastKnownFileType = sourcecode.c.objc; path = PinJump.m; sourceTree = "<group>"; };
		4883E4D11E5E6B4B00027E57 /* TwitterHeartTest.m */ = {isa = PBXFileReference; fileEncoding = 4; lastKnownFileType = sourcecode.c.objc; path = TwitterHeartTest.m; sourceTree = "<group>"; };
		4883E4D31E5E6C6100027E57 /* LoopPlayOnceTest.m */ = {isa = PBXFileReference; fileEncoding = 4; lastKnownFileType = sourcecode.c.objc; path = LoopPlayOnceTest.m; sourceTree = "<group>"; };
		4883E4D51E5E6C7C00027E57 /* EmpyStateTest.m */ = {isa = PBXFileReference; fileEncoding = 4; lastKnownFileType = sourcecode.c.objc; path = EmpyStateTest.m; sourceTree = "<group>"; };
		4883E4FE1E60ACAF00027E57 /* PhonePreCompTest.m */ = {isa = PBXFileReference; fileEncoding = 4; lastKnownFileType = sourcecode.c.objc; path = PhonePreCompTest.m; sourceTree = "<group>"; };
		4883E5001E60ACC800027E57 /* phonePreComp.json */ = {isa = PBXFileReference; fileEncoding = 4; lastKnownFileType = text.json; path = phonePreComp.json; sourceTree = "<group>"; };
		4883E5441E60CE6100027E57 /* img_0.png */ = {isa = PBXFileReference; lastKnownFileType = image.png; path = img_0.png; sourceTree = "<group>"; };
		4883E5471E60CE6800027E57 /* Image.json */ = {isa = PBXFileReference; fileEncoding = 4; lastKnownFileType = text.json; path = Image.json; sourceTree = "<group>"; };
		4883E54A1E60CE6C00027E57 /* image_2.json */ = {isa = PBXFileReference; fileEncoding = 4; lastKnownFileType = text.json; path = image_2.json; sourceTree = "<group>"; };
		4883E54D1E60CE8600027E57 /* ImageLoadTest.m */ = {isa = PBXFileReference; fileEncoding = 4; lastKnownFileType = sourcecode.c.objc; path = ImageLoadTest.m; sourceTree = "<group>"; };
		4883E54F1E60CE9900027E57 /* ImageMoveTest.m */ = {isa = PBXFileReference; fileEncoding = 4; lastKnownFileType = sourcecode.c.objc; path = ImageMoveTest.m; sourceTree = "<group>"; };
		4883E5651E64EB4500027E57 /* anchorTest.json */ = {isa = PBXFileReference; fileEncoding = 4; lastKnownFileType = text.json; path = anchorTest.json; sourceTree = "<group>"; };
		4883E5661E64EB4500027E57 /* ImageXforms.json */ = {isa = PBXFileReference; fileEncoding = 4; lastKnownFileType = text.json; path = ImageXforms.json; sourceTree = "<group>"; };
		4883E56B1E64EB5700027E57 /* ImageTransformTest.m */ = {isa = PBXFileReference; fileEncoding = 4; lastKnownFileType = sourcecode.c.objc; path = ImageTransformTest.m; sourceTree = "<group>"; };
		4883E56D1E64EB9B00027E57 /* AnchorTest.m */ = {isa = PBXFileReference; fileEncoding = 4; lastKnownFileType = sourcecode.c.objc; path = AnchorTest.m; sourceTree = "<group>"; };
		48D2C7121E5D158A00CC145E /* Lottie-Screenshot.app */ = {isa = PBXFileReference; explicitFileType = wrapper.application; includeInIndex = 0; path = "Lottie-Screenshot.app"; sourceTree = BUILT_PRODUCTS_DIR; };
		48D2C7161E5D158A00CC145E /* main.m */ = {isa = PBXFileReference; lastKnownFileType = sourcecode.c.objc; path = main.m; sourceTree = "<group>"; };
		48D2C7181E5D158A00CC145E /* AppDelegate.h */ = {isa = PBXFileReference; lastKnownFileType = sourcecode.c.h; path = AppDelegate.h; sourceTree = "<group>"; };
		48D2C7191E5D158A00CC145E /* AppDelegate.m */ = {isa = PBXFileReference; lastKnownFileType = sourcecode.c.objc; path = AppDelegate.m; sourceTree = "<group>"; };
		48D2C71B1E5D158A00CC145E /* ViewController.h */ = {isa = PBXFileReference; lastKnownFileType = sourcecode.c.h; path = ViewController.h; sourceTree = "<group>"; };
		48D2C71C1E5D158A00CC145E /* ViewController.m */ = {isa = PBXFileReference; lastKnownFileType = sourcecode.c.objc; path = ViewController.m; sourceTree = "<group>"; };
		48D2C71F1E5D158A00CC145E /* Base */ = {isa = PBXFileReference; lastKnownFileType = file.storyboard; name = Base; path = Base.lproj/Main.storyboard; sourceTree = "<group>"; };
		48D2C7211E5D158A00CC145E /* Assets.xcassets */ = {isa = PBXFileReference; lastKnownFileType = folder.assetcatalog; path = Assets.xcassets; sourceTree = "<group>"; };
		48D2C7241E5D158A00CC145E /* Base */ = {isa = PBXFileReference; lastKnownFileType = file.storyboard; name = Base; path = Base.lproj/LaunchScreen.storyboard; sourceTree = "<group>"; };
		48D2C7261E5D158A00CC145E /* Info.plist */ = {isa = PBXFileReference; lastKnownFileType = text.plist.xml; path = Info.plist; sourceTree = "<group>"; };
		48D2C72B1E5D158A00CC145E /* Lottie-ScreenshotTests.xctest */ = {isa = PBXFileReference; explicitFileType = wrapper.cfbundle; includeInIndex = 0; path = "Lottie-ScreenshotTests.xctest"; sourceTree = BUILT_PRODUCTS_DIR; };
		48D2C72F1E5D158A00CC145E /* LottieLogoTest.m */ = {isa = PBXFileReference; lastKnownFileType = sourcecode.c.objc; path = LottieLogoTest.m; sourceTree = "<group>"; };
		48D2C7311E5D158A00CC145E /* Info.plist */ = {isa = PBXFileReference; lastKnownFileType = text.plist.xml; path = Info.plist; sourceTree = "<group>"; };
		48EAE1ED1E5D16E30077ED37 /* LottieLogo1.json */ = {isa = PBXFileReference; fileEncoding = 4; lastKnownFileType = text.json; path = LottieLogo1.json; sourceTree = "<group>"; };
		48EAE1EE1E5D16E30077ED37 /* LottieLogo2.json */ = {isa = PBXFileReference; fileEncoding = 4; lastKnownFileType = text.json; path = LottieLogo2.json; sourceTree = "<group>"; };
		48EAE1F31E5E5BC60077ED37 /* LottieLogoTestB.m */ = {isa = PBXFileReference; fileEncoding = 4; lastKnownFileType = sourcecode.c.objc; path = LottieLogoTestB.m; sourceTree = "<group>"; };
		48EAE1F51E5E5C900077ED37 /* LottieAnimationTestCase.h */ = {isa = PBXFileReference; fileEncoding = 4; lastKnownFileType = sourcecode.c.h; path = LottieAnimationTestCase.h; sourceTree = "<group>"; };
		48EAE1F61E5E5C900077ED37 /* LottieAnimationTestCase.m */ = {isa = PBXFileReference; fileEncoding = 4; lastKnownFileType = sourcecode.c.objc; path = LottieAnimationTestCase.m; sourceTree = "<group>"; };
		48EAE1FB1E5E615E0077ED37 /* Alarm.json */ = {isa = PBXFileReference; fileEncoding = 4; lastKnownFileType = text.json; path = Alarm.json; sourceTree = "<group>"; };
		48EAE1FC1E5E615E0077ED37 /* AllSet.json */ = {isa = PBXFileReference; fileEncoding = 4; lastKnownFileType = text.json; path = AllSet.json; sourceTree = "<group>"; };
		48EAE1FD1E5E615E0077ED37 /* CheckSwitch.json */ = {isa = PBXFileReference; fileEncoding = 4; lastKnownFileType = text.json; path = CheckSwitch.json; sourceTree = "<group>"; };
		48EAE1FE1E5E615E0077ED37 /* City.json */ = {isa = PBXFileReference; fileEncoding = 4; lastKnownFileType = text.json; path = City.json; sourceTree = "<group>"; };
		48EAE2001E5E615E0077ED37 /* Hosts.json */ = {isa = PBXFileReference; fileEncoding = 4; lastKnownFileType = text.json; path = Hosts.json; sourceTree = "<group>"; };
		48EAE2031E5E615E0077ED37 /* LightBulb.json */ = {isa = PBXFileReference; fileEncoding = 4; lastKnownFileType = text.json; path = LightBulb.json; sourceTree = "<group>"; };
		48EAE2041E5E615E0077ED37 /* LoopPlayOnce.json */ = {isa = PBXFileReference; fileEncoding = 4; lastKnownFileType = text.json; path = LoopPlayOnce.json; sourceTree = "<group>"; };
		48EAE20C1E5E615E0077ED37 /* SplitDimensions.json */ = {isa = PBXFileReference; fileEncoding = 4; lastKnownFileType = text.json; path = SplitDimensions.json; sourceTree = "<group>"; };
		48EAE20E1E5E615E0077ED37 /* TrimPathFill.json */ = {isa = PBXFileReference; fileEncoding = 4; lastKnownFileType = text.json; path = TrimPathFill.json; sourceTree = "<group>"; };
		48EAE20F1E5E615E0077ED37 /* TrimPathsFull.json */ = {isa = PBXFileReference; fileEncoding = 4; lastKnownFileType = text.json; path = TrimPathsFull.json; sourceTree = "<group>"; };
		48EAE23A1E5E61690077ED37 /* pathStrokeTests.json */ = {isa = PBXFileReference; fileEncoding = 4; lastKnownFileType = text.json; path = pathStrokeTests.json; sourceTree = "<group>"; };
		48EAE23D1E5E61940077ED37 /* PathStrokeTest.m */ = {isa = PBXFileReference; fileEncoding = 4; lastKnownFileType = sourcecode.c.objc; path = PathStrokeTest.m; sourceTree = "<group>"; };
		48EAE23F1E5E61E60077ED37 /* AlarmTest.m */ = {isa = PBXFileReference; fileEncoding = 4; lastKnownFileType = sourcecode.c.objc; path = AlarmTest.m; sourceTree = "<group>"; };
		48EAE2411E5E621F0077ED37 /* AllSetTest.m */ = {isa = PBXFileReference; fileEncoding = 4; lastKnownFileType = sourcecode.c.objc; path = AllSetTest.m; sourceTree = "<group>"; };
		48EAE2431E5E62630077ED37 /* CheckSwitchTest.m */ = {isa = PBXFileReference; fileEncoding = 4; lastKnownFileType = sourcecode.c.objc; path = CheckSwitchTest.m; sourceTree = "<group>"; };
		48EAE2451E5E62EC0077ED37 /* CityTest.m */ = {isa = PBXFileReference; fileEncoding = 4; lastKnownFileType = sourcecode.c.objc; path = CityTest.m; sourceTree = "<group>"; };
		81296DC363CBCBB345B0CA51 /* Pods-Lottie-ScreenshotTests.release.xcconfig */ = {isa = PBXFileReference; includeInIndex = 1; lastKnownFileType = text.xcconfig; name = "Pods-Lottie-ScreenshotTests.release.xcconfig"; path = "Pods/Target Support Files/Pods-Lottie-ScreenshotTests/Pods-Lottie-ScreenshotTests.release.xcconfig"; sourceTree = "<group>"; };
		82669855296AD13CD2C90346 /* libPods-Lottie-ScreenshotTests.a */ = {isa = PBXFileReference; explicitFileType = archive.ar; includeInIndex = 0; path = "libPods-Lottie-ScreenshotTests.a"; sourceTree = BUILT_PRODUCTS_DIR; };
		ED3474D7D70B8A56A28FEEB5 /* Pods-Lottie-Screenshot.release.xcconfig */ = {isa = PBXFileReference; includeInIndex = 1; lastKnownFileType = text.xcconfig; name = "Pods-Lottie-Screenshot.release.xcconfig"; path = "Pods/Target Support Files/Pods-Lottie-Screenshot/Pods-Lottie-Screenshot.release.xcconfig"; sourceTree = "<group>"; };
		EDDE8DDE7C18B5DBE9E91BC1 /* libPods-Lottie-Screenshot.a */ = {isa = PBXFileReference; explicitFileType = archive.ar; includeInIndex = 0; path = "libPods-Lottie-Screenshot.a"; sourceTree = BUILT_PRODUCTS_DIR; };
		F3568C3BD34EC5B81F7D8966 /* Pods-Lottie-ScreenshotUITests.debug.xcconfig */ = {isa = PBXFileReference; includeInIndex = 1; lastKnownFileType = text.xcconfig; name = "Pods-Lottie-ScreenshotUITests.debug.xcconfig"; path = "Pods/Target Support Files/Pods-Lottie-ScreenshotUITests/Pods-Lottie-ScreenshotUITests.debug.xcconfig"; sourceTree = "<group>"; };
		F3DBA7C58B6355901ACF2F69 /* libPods-Lottie-ScreenshotUITests.a */ = {isa = PBXFileReference; explicitFileType = archive.ar; includeInIndex = 0; path = "libPods-Lottie-ScreenshotUITests.a"; sourceTree = BUILT_PRODUCTS_DIR; };
/* End PBXFileReference section */

/* Begin PBXFrameworksBuildPhase section */
		48D2C70F1E5D158A00CC145E /* Frameworks */ = {
			isa = PBXFrameworksBuildPhase;
			buildActionMask = 2147483647;
			files = (
				7ACB14BFE835B99A8BA525EC /* libPods-Lottie-Screenshot.a in Frameworks */,
			);
			runOnlyForDeploymentPostprocessing = 0;
		};
		48D2C7281E5D158A00CC145E /* Frameworks */ = {
			isa = PBXFrameworksBuildPhase;
			buildActionMask = 2147483647;
			files = (
				7430EF079D0FCC6AA8C33A04 /* libPods-Lottie-ScreenshotTests.a in Frameworks */,
			);
			runOnlyForDeploymentPostprocessing = 0;
		};
/* End PBXFrameworksBuildPhase section */

/* Begin PBXGroup section */
		16945C722A4F6EC1FA2BB9AC /* Pods */ = {
			isa = PBXGroup;
			children = (
				0B9CEBE2C6713C7A0FFB9B22 /* Pods-Lottie-Screenshot.debug.xcconfig */,
				ED3474D7D70B8A56A28FEEB5 /* Pods-Lottie-Screenshot.release.xcconfig */,
				217C267174982CD7145A5BF6 /* Pods-Lottie-ScreenshotTests.debug.xcconfig */,
				81296DC363CBCBB345B0CA51 /* Pods-Lottie-ScreenshotTests.release.xcconfig */,
				F3568C3BD34EC5B81F7D8966 /* Pods-Lottie-ScreenshotUITests.debug.xcconfig */,
				3905E1724A3AE8C2E86DC75A /* Pods-Lottie-ScreenshotUITests.release.xcconfig */,
			);
			name = Pods;
			sourceTree = "<group>";
		};
		48D2C7091E5D158A00CC145E = {
			isa = PBXGroup;
			children = (
				48D2C7141E5D158A00CC145E /* Lottie-Screenshot */,
				48D2C72E1E5D158A00CC145E /* Lottie-ScreenshotTests */,
				48D2C7131E5D158A00CC145E /* Products */,
				16945C722A4F6EC1FA2BB9AC /* Pods */,
				F078BF1A67F6E0D4415A8245 /* Frameworks */,
			);
			sourceTree = "<group>";
		};
		48D2C7131E5D158A00CC145E /* Products */ = {
			isa = PBXGroup;
			children = (
				48D2C7121E5D158A00CC145E /* Lottie-Screenshot.app */,
				48D2C72B1E5D158A00CC145E /* Lottie-ScreenshotTests.xctest */,
			);
			name = Products;
			sourceTree = "<group>";
		};
		48D2C7141E5D158A00CC145E /* Lottie-Screenshot */ = {
			isa = PBXGroup;
			children = (
				48D2C7181E5D158A00CC145E /* AppDelegate.h */,
				48D2C7191E5D158A00CC145E /* AppDelegate.m */,
				48D2C71B1E5D158A00CC145E /* ViewController.h */,
				48D2C71C1E5D158A00CC145E /* ViewController.m */,
				48D2C71E1E5D158A00CC145E /* Main.storyboard */,
				48D2C7211E5D158A00CC145E /* Assets.xcassets */,
				48D2C7231E5D158A00CC145E /* LaunchScreen.storyboard */,
				48D2C7261E5D158A00CC145E /* Info.plist */,
				48D2C7151E5D158A00CC145E /* Supporting Files */,
			);
			path = "Lottie-Screenshot";
			sourceTree = "<group>";
		};
		48D2C7151E5D158A00CC145E /* Supporting Files */ = {
			isa = PBXGroup;
			children = (
				4883E5651E64EB4500027E57 /* anchorTest.json */,
				4883E5661E64EB4500027E57 /* ImageXforms.json */,
				4883E54A1E60CE6C00027E57 /* image_2.json */,
				4883E5471E60CE6800027E57 /* Image.json */,
				4883E5441E60CE6100027E57 /* img_0.png */,
				4883E5001E60ACC800027E57 /* phonePreComp.json */,
				48EAE1FB1E5E615E0077ED37 /* Alarm.json */,
				48EAE1FC1E5E615E0077ED37 /* AllSet.json */,
				48EAE1FD1E5E615E0077ED37 /* CheckSwitch.json */,
				48EAE1FE1E5E615E0077ED37 /* City.json */,
				48EAE2001E5E615E0077ED37 /* Hosts.json */,
				48EAE2031E5E615E0077ED37 /* LightBulb.json */,
				48EAE2041E5E615E0077ED37 /* LoopPlayOnce.json */,
				48EAE1ED1E5D16E30077ED37 /* LottieLogo1.json */,
				48EAE1EE1E5D16E30077ED37 /* LottieLogo2.json */,
				48EAE23A1E5E61690077ED37 /* pathStrokeTests.json */,
				48EAE20C1E5E615E0077ED37 /* SplitDimensions.json */,
				48EAE20E1E5E615E0077ED37 /* TrimPathFill.json */,
				48EAE20F1E5E615E0077ED37 /* TrimPathsFull.json */,
				4883E4B91E5E6AF000027E57 /* 9squares-AlBoardman.json */,
				4883E4BB1E5E6AF000027E57 /* EmptyState.json */,
				4883E4BC1E5E6AF000027E57 /* HamburgerArrow.json */,
				4883E4BD1E5E6AF000027E57 /* PinJump.json */,
				4883E4BE1E5E6AF000027E57 /* TwitterHeart.json */,
				48D2C7161E5D158A00CC145E /* main.m */,
			);
			name = "Supporting Files";
			sourceTree = "<group>";
		};
		48D2C72E1E5D158A00CC145E /* Lottie-ScreenshotTests */ = {
			isa = PBXGroup;
			children = (
				48EAE23F1E5E61E60077ED37 /* AlarmTest.m */,
				48EAE2411E5E621F0077ED37 /* AllSetTest.m */,
				48EAE2431E5E62630077ED37 /* CheckSwitchTest.m */,
				48EAE2451E5E62EC0077ED37 /* CityTest.m */,
				4883E4D51E5E6C7C00027E57 /* EmpyStateTest.m */,
				4883E4CD1E5E6B2D00027E57 /* HamburgerArrowTest.m */,
				4883E4AF1E5E68AE00027E57 /* Hosts.m */,
				4883E54D1E60CE8600027E57 /* ImageLoadTest.m */,
				4883E54F1E60CE9900027E57 /* ImageMoveTest.m */,
				4883E4B11E5E68C900027E57 /* LightBulb.m */,
				4883E4D31E5E6C6100027E57 /* LoopPlayOnceTest.m */,
				48D2C72F1E5D158A00CC145E /* LottieLogoTest.m */,
				48EAE1F31E5E5BC60077ED37 /* LottieLogoTestB.m */,
				48EAE23D1E5E61940077ED37 /* PathStrokeTest.m */,
				4883E4CF1E5E6B3B00027E57 /* PinJump.m */,
				4883E4FE1E60ACAF00027E57 /* PhonePreCompTest.m */,
				4883E4B71E5E690500027E57 /* SplitDimensions.m */,
				4883E4D11E5E6B4B00027E57 /* TwitterHeartTest.m */,
				4883E4B31E5E68DC00027E57 /* TrimPathFill.m */,
				4883E4B51E5E68E600027E57 /* TrimPathsFull.m */,
				4883E4CB1E5E6B0900027E57 /* AlBoardmanTest.m */,
				48D2C7311E5D158A00CC145E /* Info.plist */,
				48EAE1F51E5E5C900077ED37 /* LottieAnimationTestCase.h */,
				48EAE1F61E5E5C900077ED37 /* LottieAnimationTestCase.m */,
				4883E56B1E64EB5700027E57 /* ImageTransformTest.m */,
				4883E56D1E64EB9B00027E57 /* AnchorTest.m */,
			);
			path = "Lottie-ScreenshotTests";
			sourceTree = "<group>";
		};
		F078BF1A67F6E0D4415A8245 /* Frameworks */ = {
			isa = PBXGroup;
			children = (
				EDDE8DDE7C18B5DBE9E91BC1 /* libPods-Lottie-Screenshot.a */,
				82669855296AD13CD2C90346 /* libPods-Lottie-ScreenshotTests.a */,
				F3DBA7C58B6355901ACF2F69 /* libPods-Lottie-ScreenshotUITests.a */,
			);
			name = Frameworks;
			sourceTree = "<group>";
		};
/* End PBXGroup section */

/* Begin PBXNativeTarget section */
		48D2C7111E5D158A00CC145E /* Lottie-Screenshot */ = {
			isa = PBXNativeTarget;
			buildConfigurationList = 48D2C73F1E5D158A00CC145E /* Build configuration list for PBXNativeTarget "Lottie-Screenshot" */;
			buildPhases = (
				7262E183AC09BF07790C2BB4 /* [CP] Check Pods Manifest.lock */,
				48D2C70E1E5D158A00CC145E /* Sources */,
				48D2C70F1E5D158A00CC145E /* Frameworks */,
				48D2C7101E5D158A00CC145E /* Resources */,
				E4C51062D4B39AB7D073836B /* [CP] Embed Pods Frameworks */,
				3BF31A236E7869E5264CAA70 /* [CP] Copy Pods Resources */,
			);
			buildRules = (
			);
			dependencies = (
			);
			name = "Lottie-Screenshot";
			productName = "Lottie-Screenshot";
			productReference = 48D2C7121E5D158A00CC145E /* Lottie-Screenshot.app */;
			productType = "com.apple.product-type.application";
		};
		48D2C72A1E5D158A00CC145E /* Lottie-ScreenshotTests */ = {
			isa = PBXNativeTarget;
			buildConfigurationList = 48D2C7421E5D158A00CC145E /* Build configuration list for PBXNativeTarget "Lottie-ScreenshotTests" */;
			buildPhases = (
				832B8F0FB5766116952AF839 /* [CP] Check Pods Manifest.lock */,
				48D2C7271E5D158A00CC145E /* Sources */,
				48D2C7281E5D158A00CC145E /* Frameworks */,
				48D2C7291E5D158A00CC145E /* Resources */,
				4AB5C1C4264F7CB94F2B13A4 /* [CP] Embed Pods Frameworks */,
				68B3CABF94DF6668B5A26728 /* [CP] Copy Pods Resources */,
			);
			buildRules = (
			);
			dependencies = (
				48D2C72D1E5D158A00CC145E /* PBXTargetDependency */,
			);
			name = "Lottie-ScreenshotTests";
			productName = "Lottie-ScreenshotTests";
			productReference = 48D2C72B1E5D158A00CC145E /* Lottie-ScreenshotTests.xctest */;
			productType = "com.apple.product-type.bundle.unit-test";
		};
/* End PBXNativeTarget section */

/* Begin PBXProject section */
		48D2C70A1E5D158A00CC145E /* Project object */ = {
			isa = PBXProject;
			attributes = {
				LastUpgradeCheck = 0820;
				ORGANIZATIONNAME = "Brandon Withrow";
				TargetAttributes = {
					48D2C7111E5D158A00CC145E = {
						CreatedOnToolsVersion = 8.2.1;
						ProvisioningStyle = Automatic;
					};
					48D2C72A1E5D158A00CC145E = {
						CreatedOnToolsVersion = 8.2.1;
						ProvisioningStyle = Automatic;
						TestTargetID = 48D2C7111E5D158A00CC145E;
					};
				};
			};
			buildConfigurationList = 48D2C70D1E5D158A00CC145E /* Build configuration list for PBXProject "Lottie-Screenshot" */;
			compatibilityVersion = "Xcode 3.2";
			developmentRegion = English;
			hasScannedForEncodings = 0;
			knownRegions = (
				en,
				Base,
			);
			mainGroup = 48D2C7091E5D158A00CC145E;
			productRefGroup = 48D2C7131E5D158A00CC145E /* Products */;
			projectDirPath = "";
			projectRoot = "";
			targets = (
				48D2C7111E5D158A00CC145E /* Lottie-Screenshot */,
				48D2C72A1E5D158A00CC145E /* Lottie-ScreenshotTests */,
			);
		};
/* End PBXProject section */

/* Begin PBXResourcesBuildPhase section */
		48D2C7101E5D158A00CC145E /* Resources */ = {
			isa = PBXResourcesBuildPhase;
			buildActionMask = 2147483647;
			files = (
				4883E4C91E5E6AF000027E57 /* TwitterHeart.json in Resources */,
				48EAE2201E5E615F0077ED37 /* LightBulb.json in Resources */,
				48EAE2141E5E615E0077ED37 /* CheckSwitch.json in Resources */,
				48EAE2121E5E615E0077ED37 /* AllSet.json in Resources */,
				48EAE2321E5E615F0077ED37 /* SplitDimensions.json in Resources */,
				4883E4C71E5E6AF000027E57 /* PinJump.json in Resources */,
				48D2C7251E5D158A00CC145E /* LaunchScreen.storyboard in Resources */,
				48EAE2101E5E615E0077ED37 /* Alarm.json in Resources */,
				4883E4BF1E5E6AF000027E57 /* 9squares-AlBoardman.json in Resources */,
				4883E4C51E5E6AF000027E57 /* HamburgerArrow.json in Resources */,
				4883E5451E60CE6100027E57 /* img_0.png in Resources */,
				48D2C7221E5D158A00CC145E /* Assets.xcassets in Resources */,
				4883E5691E64EB4500027E57 /* ImageXforms.json in Resources */,
				4883E5671E64EB4500027E57 /* anchorTest.json in Resources */,
				48EAE2221E5E615F0077ED37 /* LoopPlayOnce.json in Resources */,
				4883E5481E60CE6800027E57 /* Image.json in Resources */,
				48EAE21A1E5E615F0077ED37 /* Hosts.json in Resources */,
				48D2C7201E5D158A00CC145E /* Main.storyboard in Resources */,
				48EAE1F11E5D16E30077ED37 /* LottieLogo2.json in Resources */,
				48EAE2161E5E615E0077ED37 /* City.json in Resources */,
				48EAE1EF1E5D16E30077ED37 /* LottieLogo1.json in Resources */,
				4883E4C31E5E6AF000027E57 /* EmptyState.json in Resources */,
				48EAE2381E5E615F0077ED37 /* TrimPathsFull.json in Resources */,
				4883E5011E60ACC800027E57 /* phonePreComp.json in Resources */,
				48EAE2361E5E615F0077ED37 /* TrimPathFill.json in Resources */,
				48EAE23B1E5E61690077ED37 /* pathStrokeTests.json in Resources */,
				4883E54B1E60CE6C00027E57 /* image_2.json in Resources */,
			);
			runOnlyForDeploymentPostprocessing = 0;
		};
		48D2C7291E5D158A00CC145E /* Resources */ = {
			isa = PBXResourcesBuildPhase;
			buildActionMask = 2147483647;
			files = (
				4883E5461E60CE6100027E57 /* img_0.png in Resources */,
				48EAE2211E5E615F0077ED37 /* LightBulb.json in Resources */,
				4883E5681E64EB4500027E57 /* anchorTest.json in Resources */,
				4883E4C81E5E6AF000027E57 /* PinJump.json in Resources */,
				48EAE2131E5E615E0077ED37 /* AllSet.json in Resources */,
				4883E5491E60CE6800027E57 /* Image.json in Resources */,
				4883E5021E60ACC800027E57 /* phonePreComp.json in Resources */,
				4883E4C61E5E6AF000027E57 /* HamburgerArrow.json in Resources */,
				48EAE2391E5E615F0077ED37 /* TrimPathsFull.json in Resources */,
				4883E4C41E5E6AF000027E57 /* EmptyState.json in Resources */,
				48EAE2371E5E615F0077ED37 /* TrimPathFill.json in Resources */,
				4883E54C1E60CE6C00027E57 /* image_2.json in Resources */,
				4883E4C01E5E6AF000027E57 /* 9squares-AlBoardman.json in Resources */,
				48EAE1F21E5D16E30077ED37 /* LottieLogo2.json in Resources */,
				48EAE21B1E5E615F0077ED37 /* Hosts.json in Resources */,
				48EAE2231E5E615F0077ED37 /* LoopPlayOnce.json in Resources */,
				48EAE23C1E5E61690077ED37 /* pathStrokeTests.json in Resources */,
				48EAE2331E5E615F0077ED37 /* SplitDimensions.json in Resources */,
				4883E56A1E64EB4500027E57 /* ImageXforms.json in Resources */,
				48EAE2151E5E615E0077ED37 /* CheckSwitch.json in Resources */,
				4883E4CA1E5E6AF000027E57 /* TwitterHeart.json in Resources */,
				48EAE2111E5E615E0077ED37 /* Alarm.json in Resources */,
				48EAE2171E5E615E0077ED37 /* City.json in Resources */,
				48EAE1F01E5D16E30077ED37 /* LottieLogo1.json in Resources */,
			);
			runOnlyForDeploymentPostprocessing = 0;
		};
/* End PBXResourcesBuildPhase section */

/* Begin PBXShellScriptBuildPhase section */
		3BF31A236E7869E5264CAA70 /* [CP] Copy Pods Resources */ = {
			isa = PBXShellScriptBuildPhase;
			buildActionMask = 2147483647;
			files = (
			);
			inputPaths = (
			);
			name = "[CP] Copy Pods Resources";
			outputPaths = (
			);
			runOnlyForDeploymentPostprocessing = 0;
			shellPath = /bin/sh;
			shellScript = "\"${SRCROOT}/Pods/Target Support Files/Pods-Lottie-Screenshot/Pods-Lottie-Screenshot-resources.sh\"\n";
			showEnvVarsInLog = 0;
		};
		4AB5C1C4264F7CB94F2B13A4 /* [CP] Embed Pods Frameworks */ = {
			isa = PBXShellScriptBuildPhase;
			buildActionMask = 2147483647;
			files = (
			);
			inputPaths = (
			);
			name = "[CP] Embed Pods Frameworks";
			outputPaths = (
			);
			runOnlyForDeploymentPostprocessing = 0;
			shellPath = /bin/sh;
			shellScript = "\"${SRCROOT}/Pods/Target Support Files/Pods-Lottie-ScreenshotTests/Pods-Lottie-ScreenshotTests-frameworks.sh\"\n";
			showEnvVarsInLog = 0;
		};
		68B3CABF94DF6668B5A26728 /* [CP] Copy Pods Resources */ = {
			isa = PBXShellScriptBuildPhase;
			buildActionMask = 2147483647;
			files = (
			);
			inputPaths = (
			);
			name = "[CP] Copy Pods Resources";
			outputPaths = (
			);
			runOnlyForDeploymentPostprocessing = 0;
			shellPath = /bin/sh;
			shellScript = "\"${SRCROOT}/Pods/Target Support Files/Pods-Lottie-ScreenshotTests/Pods-Lottie-ScreenshotTests-resources.sh\"\n";
			showEnvVarsInLog = 0;
		};
		7262E183AC09BF07790C2BB4 /* [CP] Check Pods Manifest.lock */ = {
			isa = PBXShellScriptBuildPhase;
			buildActionMask = 2147483647;
			files = (
			);
			inputPaths = (
			);
			name = "[CP] Check Pods Manifest.lock";
			outputPaths = (
			);
			runOnlyForDeploymentPostprocessing = 0;
			shellPath = /bin/sh;
			shellScript = "diff \"${PODS_ROOT}/../Podfile.lock\" \"${PODS_ROOT}/Manifest.lock\" > /dev/null\nif [ $? != 0 ] ; then\n    # print error to STDERR\n    echo \"error: The sandbox is not in sync with the Podfile.lock. Run 'pod install' or update your CocoaPods installation.\" >&2\n    exit 1\nfi\n";
			showEnvVarsInLog = 0;
		};
		832B8F0FB5766116952AF839 /* [CP] Check Pods Manifest.lock */ = {
			isa = PBXShellScriptBuildPhase;
			buildActionMask = 2147483647;
			files = (
			);
			inputPaths = (
			);
			name = "[CP] Check Pods Manifest.lock";
			outputPaths = (
			);
			runOnlyForDeploymentPostprocessing = 0;
			shellPath = /bin/sh;
			shellScript = "diff \"${PODS_ROOT}/../Podfile.lock\" \"${PODS_ROOT}/Manifest.lock\" > /dev/null\nif [ $? != 0 ] ; then\n    # print error to STDERR\n    echo \"error: The sandbox is not in sync with the Podfile.lock. Run 'pod install' or update your CocoaPods installation.\" >&2\n    exit 1\nfi\n";
			showEnvVarsInLog = 0;
		};
		E4C51062D4B39AB7D073836B /* [CP] Embed Pods Frameworks */ = {
			isa = PBXShellScriptBuildPhase;
			buildActionMask = 2147483647;
			files = (
			);
			inputPaths = (
			);
			name = "[CP] Embed Pods Frameworks";
			outputPaths = (
			);
			runOnlyForDeploymentPostprocessing = 0;
			shellPath = /bin/sh;
			shellScript = "\"${SRCROOT}/Pods/Target Support Files/Pods-Lottie-Screenshot/Pods-Lottie-Screenshot-frameworks.sh\"\n";
			showEnvVarsInLog = 0;
		};
/* End PBXShellScriptBuildPhase section */

/* Begin PBXSourcesBuildPhase section */
		48D2C70E1E5D158A00CC145E /* Sources */ = {
			isa = PBXSourcesBuildPhase;
			buildActionMask = 2147483647;
			files = (
				48D2C71D1E5D158A00CC145E /* ViewController.m in Sources */,
				48D2C71A1E5D158A00CC145E /* AppDelegate.m in Sources */,
				48D2C7171E5D158A00CC145E /* main.m in Sources */,
			);
			runOnlyForDeploymentPostprocessing = 0;
		};
		48D2C7271E5D158A00CC145E /* Sources */ = {
			isa = PBXSourcesBuildPhase;
			buildActionMask = 2147483647;
			files = (
				4883E56C1E64EB5700027E57 /* ImageTransformTest.m in Sources */,
				48EAE2421E5E621F0077ED37 /* AllSetTest.m in Sources */,
				4883E4B01E5E68AE00027E57 /* Hosts.m in Sources */,
				4883E4D41E5E6C6100027E57 /* LoopPlayOnceTest.m in Sources */,
				4883E4CC1E5E6B0900027E57 /* AlBoardmanTest.m in Sources */,
				48EAE23E1E5E61940077ED37 /* PathStrokeTest.m in Sources */,
				4883E4FF1E60ACAF00027E57 /* PhonePreCompTest.m in Sources */,
				48EAE1F41E5E5BC60077ED37 /* LottieLogoTestB.m in Sources */,
				48EAE2401E5E61E60077ED37 /* AlarmTest.m in Sources */,
				4883E54E1E60CE8600027E57 /* ImageLoadTest.m in Sources */,
				4883E4B81E5E690500027E57 /* SplitDimensions.m in Sources */,
				4883E4D61E5E6C7C00027E57 /* EmpyStateTest.m in Sources */,
				4883E4CE1E5E6B2D00027E57 /* HamburgerArrowTest.m in Sources */,
				4883E4B41E5E68DC00027E57 /* TrimPathFill.m in Sources */,
				48EAE2441E5E62630077ED37 /* CheckSwitchTest.m in Sources */,
				48D2C7301E5D158A00CC145E /* LottieLogoTest.m in Sources */,
				4883E4D21E5E6B4B00027E57 /* TwitterHeartTest.m in Sources */,
				4883E5501E60CE9900027E57 /* ImageMoveTest.m in Sources */,
				4883E56E1E64EB9B00027E57 /* AnchorTest.m in Sources */,
				4883E4B61E5E68E600027E57 /* TrimPathsFull.m in Sources */,
				4883E4D01E5E6B3B00027E57 /* PinJump.m in Sources */,
				48EAE2461E5E62EC0077ED37 /* CityTest.m in Sources */,
				4883E4B21E5E68C900027E57 /* LightBulb.m in Sources */,
				48EAE1FA1E5E5EE10077ED37 /* LottieAnimationTestCase.m in Sources */,
			);
			runOnlyForDeploymentPostprocessing = 0;
		};
/* End PBXSourcesBuildPhase section */

/* Begin PBXTargetDependency section */
		48D2C72D1E5D158A00CC145E /* PBXTargetDependency */ = {
			isa = PBXTargetDependency;
			target = 48D2C7111E5D158A00CC145E /* Lottie-Screenshot */;
			targetProxy = 48D2C72C1E5D158A00CC145E /* PBXContainerItemProxy */;
		};
/* End PBXTargetDependency section */

/* Begin PBXVariantGroup section */
		48D2C71E1E5D158A00CC145E /* Main.storyboard */ = {
			isa = PBXVariantGroup;
			children = (
				48D2C71F1E5D158A00CC145E /* Base */,
			);
			name = Main.storyboard;
			sourceTree = "<group>";
		};
		48D2C7231E5D158A00CC145E /* LaunchScreen.storyboard */ = {
			isa = PBXVariantGroup;
			children = (
				48D2C7241E5D158A00CC145E /* Base */,
			);
			name = LaunchScreen.storyboard;
			sourceTree = "<group>";
		};
/* End PBXVariantGroup section */

/* Begin XCBuildConfiguration section */
		48D2C73D1E5D158A00CC145E /* Debug */ = {
			isa = XCBuildConfiguration;
			buildSettings = {
				ALWAYS_SEARCH_USER_PATHS = NO;
				CLANG_ANALYZER_NONNULL = YES;
				CLANG_CXX_LANGUAGE_STANDARD = "gnu++0x";
				CLANG_CXX_LIBRARY = "libc++";
				CLANG_ENABLE_MODULES = YES;
				CLANG_ENABLE_OBJC_ARC = YES;
				CLANG_WARN_BOOL_CONVERSION = YES;
				CLANG_WARN_CONSTANT_CONVERSION = YES;
				CLANG_WARN_DIRECT_OBJC_ISA_USAGE = YES_ERROR;
				CLANG_WARN_DOCUMENTATION_COMMENTS = YES;
				CLANG_WARN_EMPTY_BODY = YES;
				CLANG_WARN_ENUM_CONVERSION = YES;
				CLANG_WARN_INFINITE_RECURSION = YES;
				CLANG_WARN_INT_CONVERSION = YES;
				CLANG_WARN_OBJC_ROOT_CLASS = YES_ERROR;
				CLANG_WARN_SUSPICIOUS_MOVE = YES;
				CLANG_WARN_UNREACHABLE_CODE = YES;
				CLANG_WARN__DUPLICATE_METHOD_MATCH = YES;
				"CODE_SIGN_IDENTITY[sdk=iphoneos*]" = "iPhone Developer";
				COPY_PHASE_STRIP = NO;
				DEBUG_INFORMATION_FORMAT = dwarf;
				ENABLE_STRICT_OBJC_MSGSEND = YES;
				ENABLE_TESTABILITY = YES;
				GCC_C_LANGUAGE_STANDARD = gnu99;
				GCC_DYNAMIC_NO_PIC = NO;
				GCC_NO_COMMON_BLOCKS = YES;
				GCC_OPTIMIZATION_LEVEL = 0;
				GCC_PREPROCESSOR_DEFINITIONS = (
					"DEBUG=1",
					"$(inherited)",
				);
				GCC_WARN_64_TO_32_BIT_CONVERSION = YES;
				GCC_WARN_ABOUT_RETURN_TYPE = YES_ERROR;
				GCC_WARN_UNDECLARED_SELECTOR = YES;
				GCC_WARN_UNINITIALIZED_AUTOS = YES_AGGRESSIVE;
				GCC_WARN_UNUSED_FUNCTION = YES;
				GCC_WARN_UNUSED_VARIABLE = YES;
				IPHONEOS_DEPLOYMENT_TARGET = 10.2;
				MTL_ENABLE_DEBUG_INFO = YES;
				ONLY_ACTIVE_ARCH = YES;
				SDKROOT = iphoneos;
			};
			name = Debug;
		};
		48D2C73E1E5D158A00CC145E /* Release */ = {
			isa = XCBuildConfiguration;
			buildSettings = {
				ALWAYS_SEARCH_USER_PATHS = NO;
				CLANG_ANALYZER_NONNULL = YES;
				CLANG_CXX_LANGUAGE_STANDARD = "gnu++0x";
				CLANG_CXX_LIBRARY = "libc++";
				CLANG_ENABLE_MODULES = YES;
				CLANG_ENABLE_OBJC_ARC = YES;
				CLANG_WARN_BOOL_CONVERSION = YES;
				CLANG_WARN_CONSTANT_CONVERSION = YES;
				CLANG_WARN_DIRECT_OBJC_ISA_USAGE = YES_ERROR;
				CLANG_WARN_DOCUMENTATION_COMMENTS = YES;
				CLANG_WARN_EMPTY_BODY = YES;
				CLANG_WARN_ENUM_CONVERSION = YES;
				CLANG_WARN_INFINITE_RECURSION = YES;
				CLANG_WARN_INT_CONVERSION = YES;
				CLANG_WARN_OBJC_ROOT_CLASS = YES_ERROR;
				CLANG_WARN_SUSPICIOUS_MOVE = YES;
				CLANG_WARN_UNREACHABLE_CODE = YES;
				CLANG_WARN__DUPLICATE_METHOD_MATCH = YES;
				"CODE_SIGN_IDENTITY[sdk=iphoneos*]" = "iPhone Developer";
				COPY_PHASE_STRIP = NO;
				DEBUG_INFORMATION_FORMAT = "dwarf-with-dsym";
				ENABLE_NS_ASSERTIONS = NO;
				ENABLE_STRICT_OBJC_MSGSEND = YES;
				GCC_C_LANGUAGE_STANDARD = gnu99;
				GCC_NO_COMMON_BLOCKS = YES;
				GCC_WARN_64_TO_32_BIT_CONVERSION = YES;
				GCC_WARN_ABOUT_RETURN_TYPE = YES_ERROR;
				GCC_WARN_UNDECLARED_SELECTOR = YES;
				GCC_WARN_UNINITIALIZED_AUTOS = YES_AGGRESSIVE;
				GCC_WARN_UNUSED_FUNCTION = YES;
				GCC_WARN_UNUSED_VARIABLE = YES;
				IPHONEOS_DEPLOYMENT_TARGET = 10.2;
				MTL_ENABLE_DEBUG_INFO = NO;
				SDKROOT = iphoneos;
				VALIDATE_PRODUCT = YES;
			};
			name = Release;
		};
		48D2C7401E5D158A00CC145E /* Debug */ = {
			isa = XCBuildConfiguration;
			baseConfigurationReference = 0B9CEBE2C6713C7A0FFB9B22 /* Pods-Lottie-Screenshot.debug.xcconfig */;
			buildSettings = {
				ASSETCATALOG_COMPILER_APPICON_NAME = AppIcon;
				INFOPLIST_FILE = "Lottie-Screenshot/Info.plist";
				LD_RUNPATH_SEARCH_PATHS = "$(inherited) @executable_path/Frameworks";
				PRODUCT_BUNDLE_IDENTIFIER = "-.Lottie-Screenshot";
				PRODUCT_NAME = "$(TARGET_NAME)";
			};
			name = Debug;
		};
		48D2C7411E5D158A00CC145E /* Release */ = {
			isa = XCBuildConfiguration;
			baseConfigurationReference = ED3474D7D70B8A56A28FEEB5 /* Pods-Lottie-Screenshot.release.xcconfig */;
			buildSettings = {
				ASSETCATALOG_COMPILER_APPICON_NAME = AppIcon;
				INFOPLIST_FILE = "Lottie-Screenshot/Info.plist";
				LD_RUNPATH_SEARCH_PATHS = "$(inherited) @executable_path/Frameworks";
				PRODUCT_BUNDLE_IDENTIFIER = "-.Lottie-Screenshot";
				PRODUCT_NAME = "$(TARGET_NAME)";
			};
			name = Release;
		};
		48D2C7431E5D158A00CC145E /* Debug */ = {
			isa = XCBuildConfiguration;
			baseConfigurationReference = 217C267174982CD7145A5BF6 /* Pods-Lottie-ScreenshotTests.debug.xcconfig */;
			buildSettings = {
				BUNDLE_LOADER = "$(TEST_HOST)";
				INFOPLIST_FILE = "Lottie-ScreenshotTests/Info.plist";
				LD_RUNPATH_SEARCH_PATHS = "$(inherited) @executable_path/Frameworks @loader_path/Frameworks";
				PRODUCT_BUNDLE_IDENTIFIER = "-.Lottie-ScreenshotTests";
				PRODUCT_NAME = "$(TARGET_NAME)";
				TEST_HOST = "$(BUILT_PRODUCTS_DIR)/Lottie-Screenshot.app/Lottie-Screenshot";
			};
			name = Debug;
		};
		48D2C7441E5D158A00CC145E /* Release */ = {
			isa = XCBuildConfiguration;
			baseConfigurationReference = 81296DC363CBCBB345B0CA51 /* Pods-Lottie-ScreenshotTests.release.xcconfig */;
			buildSettings = {
				BUNDLE_LOADER = "$(TEST_HOST)";
				INFOPLIST_FILE = "Lottie-ScreenshotTests/Info.plist";
				LD_RUNPATH_SEARCH_PATHS = "$(inherited) @executable_path/Frameworks @loader_path/Frameworks";
				PRODUCT_BUNDLE_IDENTIFIER = "-.Lottie-ScreenshotTests";
				PRODUCT_NAME = "$(TARGET_NAME)";
				TEST_HOST = "$(BUILT_PRODUCTS_DIR)/Lottie-Screenshot.app/Lottie-Screenshot";
			};
			name = Release;
		};
/* End XCBuildConfiguration section */

/* Begin XCConfigurationList section */
		48D2C70D1E5D158A00CC145E /* Build configuration list for PBXProject "Lottie-Screenshot" */ = {
			isa = XCConfigurationList;
			buildConfigurations = (
				48D2C73D1E5D158A00CC145E /* Debug */,
				48D2C73E1E5D158A00CC145E /* Release */,
			);
			defaultConfigurationIsVisible = 0;
			defaultConfigurationName = Release;
		};
		48D2C73F1E5D158A00CC145E /* Build configuration list for PBXNativeTarget "Lottie-Screenshot" */ = {
			isa = XCConfigurationList;
			buildConfigurations = (
				48D2C7401E5D158A00CC145E /* Debug */,
				48D2C7411E5D158A00CC145E /* Release */,
			);
			defaultConfigurationIsVisible = 0;
			defaultConfigurationName = Release;
		};
		48D2C7421E5D158A00CC145E /* Build configuration list for PBXNativeTarget "Lottie-ScreenshotTests" */ = {
			isa = XCConfigurationList;
			buildConfigurations = (
				48D2C7431E5D158A00CC145E /* Debug */,
				48D2C7441E5D158A00CC145E /* Release */,
			);
			defaultConfigurationIsVisible = 0;
			defaultConfigurationName = Release;
		};
/* End XCConfigurationList section */
	};
	rootObject = 48D2C70A1E5D158A00CC145E /* Project object */;
}
