// !$*UTF8*$!
{
	archiveVersion = 1;
	classes = {
	};
	objectVersion = 46;
	objects = {

/* Begin PBXBuildFile section */
		4871B3621E243D6E00AE29CD /* LAAnimationCache.h in Headers */ = {isa = PBXBuildFile; fileRef = 4871B3601E243D6E00AE29CD /* LAAnimationCache.h */; };
		4871B3631E243D6E00AE29CD /* LAAnimationCache.m in Sources */ = {isa = PBXBuildFile; fileRef = 4871B3611E243D6E00AE29CD /* LAAnimationCache.m */; };
		48E7742C1D4AAB070029FC2D /* Lottie.h in Headers */ = {isa = PBXBuildFile; fileRef = 48E7742B1D4AAB070029FC2D /* Lottie.h */; settings = {ATTRIBUTES = (Public, ); }; };
		48E774351D4AAB200029FC2D /* LAAnimationView.h in Headers */ = {isa = PBXBuildFile; fileRef = 48E774331D4AAB200029FC2D /* LAAnimationView.h */; settings = {ATTRIBUTES = (Public, ); }; };
		48E774361D4AAB200029FC2D /* LAAnimationView.m in Sources */ = {isa = PBXBuildFile; fileRef = 48E774341D4AAB200029FC2D /* LAAnimationView.m */; };
		48E774451D4AABB70029FC2D /* LAAnimatableLayer.h in Headers */ = {isa = PBXBuildFile; fileRef = 48E774371D4AABB70029FC2D /* LAAnimatableLayer.h */; };
		48E774461D4AABB70029FC2D /* LAAnimatableLayer.m in Sources */ = {isa = PBXBuildFile; fileRef = 48E774381D4AABB70029FC2D /* LAAnimatableLayer.m */; };
		48E774471D4AABB70029FC2D /* LALayerView.h in Headers */ = {isa = PBXBuildFile; fileRef = 48E774391D4AABB70029FC2D /* LALayerView.h */; };
		48E774481D4AABB70029FC2D /* LALayerView.m in Sources */ = {isa = PBXBuildFile; fileRef = 48E7743A1D4AABB70029FC2D /* LALayerView.m */; };
		48E774491D4AABB70029FC2D /* LAMaskLayer.h in Headers */ = {isa = PBXBuildFile; fileRef = 48E7743B1D4AABB70029FC2D /* LAMaskLayer.h */; };
		48E7744A1D4AABB70029FC2D /* LAMaskLayer.m in Sources */ = {isa = PBXBuildFile; fileRef = 48E7743C1D4AABB70029FC2D /* LAMaskLayer.m */; };
		48E7744B1D4AABB70029FC2D /* LAGroupLayerView.h in Headers */ = {isa = PBXBuildFile; fileRef = 48E7743D1D4AABB70029FC2D /* LAGroupLayerView.h */; };
		48E7744C1D4AABB70029FC2D /* LAGroupLayerView.m in Sources */ = {isa = PBXBuildFile; fileRef = 48E7743E1D4AABB70029FC2D /* LAGroupLayerView.m */; };
		48E7744D1D4AABB70029FC2D /* LAShapeLayerView.h in Headers */ = {isa = PBXBuildFile; fileRef = 48E7743F1D4AABB70029FC2D /* LAShapeLayerView.h */; };
		48E7744E1D4AABB70029FC2D /* LAShapeLayerView.m in Sources */ = {isa = PBXBuildFile; fileRef = 48E774401D4AABB70029FC2D /* LAShapeLayerView.m */; };
		48E7744F1D4AABB70029FC2D /* LARectShapeLayer.h in Headers */ = {isa = PBXBuildFile; fileRef = 48E774411D4AABB70029FC2D /* LARectShapeLayer.h */; };
		48E774501D4AABB70029FC2D /* LARectShapeLayer.m in Sources */ = {isa = PBXBuildFile; fileRef = 48E774421D4AABB70029FC2D /* LARectShapeLayer.m */; };
		48E774511D4AABB70029FC2D /* LAEllipseShapeLayer.h in Headers */ = {isa = PBXBuildFile; fileRef = 48E774431D4AABB70029FC2D /* LAEllipseShapeLayer.h */; };
		48E774521D4AABB80029FC2D /* LAEllipseShapeLayer.m in Sources */ = {isa = PBXBuildFile; fileRef = 48E774441D4AABB70029FC2D /* LAEllipseShapeLayer.m */; };
		48E7747A1D4AABDA0029FC2D /* LAModels.h in Headers */ = {isa = PBXBuildFile; fileRef = 48E774541D4AABDA0029FC2D /* LAModels.h */; };
		48E7747B1D4AABDA0029FC2D /* LAAnimatableValue.h in Headers */ = {isa = PBXBuildFile; fileRef = 48E774551D4AABDA0029FC2D /* LAAnimatableValue.h */; };
		48E7747C1D4AABDA0029FC2D /* LAAnimatableColorValue.h in Headers */ = {isa = PBXBuildFile; fileRef = 48E774561D4AABDA0029FC2D /* LAAnimatableColorValue.h */; };
		48E7747D1D4AABDA0029FC2D /* LAAnimatableColorValue.m in Sources */ = {isa = PBXBuildFile; fileRef = 48E774571D4AABDA0029FC2D /* LAAnimatableColorValue.m */; };
		48E7747E1D4AABDA0029FC2D /* LAAnimatablePointValue.h in Headers */ = {isa = PBXBuildFile; fileRef = 48E774581D4AABDA0029FC2D /* LAAnimatablePointValue.h */; };
		48E7747F1D4AABDA0029FC2D /* LAAnimatablePointValue.m in Sources */ = {isa = PBXBuildFile; fileRef = 48E774591D4AABDA0029FC2D /* LAAnimatablePointValue.m */; };
		48E774801D4AABDA0029FC2D /* LAAnimatableNumberValue.h in Headers */ = {isa = PBXBuildFile; fileRef = 48E7745A1D4AABDA0029FC2D /* LAAnimatableNumberValue.h */; };
		48E774811D4AABDA0029FC2D /* LAAnimatableNumberValue.m in Sources */ = {isa = PBXBuildFile; fileRef = 48E7745B1D4AABDA0029FC2D /* LAAnimatableNumberValue.m */; };
		48E774821D4AABDA0029FC2D /* LAAnimatableShapeValue.h in Headers */ = {isa = PBXBuildFile; fileRef = 48E7745C1D4AABDA0029FC2D /* LAAnimatableShapeValue.h */; };
		48E774831D4AABDA0029FC2D /* LAAnimatableShapeValue.m in Sources */ = {isa = PBXBuildFile; fileRef = 48E7745D1D4AABDA0029FC2D /* LAAnimatableShapeValue.m */; };
		48E774841D4AABDA0029FC2D /* LAAnimatableBoundsValue.h in Headers */ = {isa = PBXBuildFile; fileRef = 48E7745E1D4AABDA0029FC2D /* LAAnimatableBoundsValue.h */; };
		48E774851D4AABDA0029FC2D /* LAAnimatableBoundsValue.m in Sources */ = {isa = PBXBuildFile; fileRef = 48E7745F1D4AABDA0029FC2D /* LAAnimatableBoundsValue.m */; };
		48E774861D4AABDA0029FC2D /* LAAnimatableScaleValue.h in Headers */ = {isa = PBXBuildFile; fileRef = 48E774601D4AABDA0029FC2D /* LAAnimatableScaleValue.h */; };
		48E774871D4AABDA0029FC2D /* LAAnimatableScaleValue.m in Sources */ = {isa = PBXBuildFile; fileRef = 48E774611D4AABDA0029FC2D /* LAAnimatableScaleValue.m */; };
		48E774881D4AABDA0029FC2D /* CAAnimationGroup+LAAnimatableGroup.h in Headers */ = {isa = PBXBuildFile; fileRef = 48E774621D4AABDA0029FC2D /* CAAnimationGroup+LAAnimatableGroup.h */; };
		48E774891D4AABDA0029FC2D /* CAAnimationGroup+LAAnimatableGroup.m in Sources */ = {isa = PBXBuildFile; fileRef = 48E774631D4AABDA0029FC2D /* CAAnimationGroup+LAAnimatableGroup.m */; };
		48E7748A1D4AABDA0029FC2D /* LAComposition.h in Headers */ = {isa = PBXBuildFile; fileRef = 48E774641D4AABDA0029FC2D /* LAComposition.h */; };
		48E7748B1D4AABDA0029FC2D /* LAComposition.m in Sources */ = {isa = PBXBuildFile; fileRef = 48E774651D4AABDA0029FC2D /* LAComposition.m */; };
		48E7748C1D4AABDA0029FC2D /* LALayer.h in Headers */ = {isa = PBXBuildFile; fileRef = 48E774661D4AABDA0029FC2D /* LALayer.h */; };
		48E7748D1D4AABDA0029FC2D /* LALayer.m in Sources */ = {isa = PBXBuildFile; fileRef = 48E774671D4AABDA0029FC2D /* LALayer.m */; };
		48E7748E1D4AABDA0029FC2D /* LAMask.h in Headers */ = {isa = PBXBuildFile; fileRef = 48E774681D4AABDA0029FC2D /* LAMask.h */; };
		48E7748F1D4AABDA0029FC2D /* LAMask.m in Sources */ = {isa = PBXBuildFile; fileRef = 48E774691D4AABDA0029FC2D /* LAMask.m */; };
		48E774901D4AABDA0029FC2D /* LAShapeGroup.h in Headers */ = {isa = PBXBuildFile; fileRef = 48E7746A1D4AABDA0029FC2D /* LAShapeGroup.h */; };
		48E774911D4AABDA0029FC2D /* LAShapeGroup.m in Sources */ = {isa = PBXBuildFile; fileRef = 48E7746B1D4AABDA0029FC2D /* LAShapeGroup.m */; };
		48E774921D4AABDA0029FC2D /* LAShapeStroke.h in Headers */ = {isa = PBXBuildFile; fileRef = 48E7746C1D4AABDA0029FC2D /* LAShapeStroke.h */; };
		48E774931D4AABDA0029FC2D /* LAShapeStroke.m in Sources */ = {isa = PBXBuildFile; fileRef = 48E7746D1D4AABDA0029FC2D /* LAShapeStroke.m */; };
		48E774941D4AABDA0029FC2D /* LAShapeTrimPath.h in Headers */ = {isa = PBXBuildFile; fileRef = 48E7746E1D4AABDA0029FC2D /* LAShapeTrimPath.h */; };
		48E774951D4AABDA0029FC2D /* LAShapeTrimPath.m in Sources */ = {isa = PBXBuildFile; fileRef = 48E7746F1D4AABDA0029FC2D /* LAShapeTrimPath.m */; };
		48E774961D4AABDA0029FC2D /* LAShapeFill.h in Headers */ = {isa = PBXBuildFile; fileRef = 48E774701D4AABDA0029FC2D /* LAShapeFill.h */; };
		48E774971D4AABDA0029FC2D /* LAShapeFill.m in Sources */ = {isa = PBXBuildFile; fileRef = 48E774711D4AABDA0029FC2D /* LAShapeFill.m */; };
		48E774981D4AABDA0029FC2D /* LAShapeTransform.h in Headers */ = {isa = PBXBuildFile; fileRef = 48E774721D4AABDA0029FC2D /* LAShapeTransform.h */; };
		48E774991D4AABDA0029FC2D /* LAShapeTransform.m in Sources */ = {isa = PBXBuildFile; fileRef = 48E774731D4AABDA0029FC2D /* LAShapeTransform.m */; };
		48E7749A1D4AABDA0029FC2D /* LAShapePath.h in Headers */ = {isa = PBXBuildFile; fileRef = 48E774741D4AABDA0029FC2D /* LAShapePath.h */; };
		48E7749B1D4AABDA0029FC2D /* LAShapePath.m in Sources */ = {isa = PBXBuildFile; fileRef = 48E774751D4AABDA0029FC2D /* LAShapePath.m */; };
		48E7749C1D4AABDA0029FC2D /* LAShapeCircle.h in Headers */ = {isa = PBXBuildFile; fileRef = 48E774761D4AABDA0029FC2D /* LAShapeCircle.h */; };
		48E7749D1D4AABDA0029FC2D /* LAShapeCircle.m in Sources */ = {isa = PBXBuildFile; fileRef = 48E774771D4AABDA0029FC2D /* LAShapeCircle.m */; };
		48E7749E1D4AABDA0029FC2D /* LAShapeRectangle.h in Headers */ = {isa = PBXBuildFile; fileRef = 48E774781D4AABDA0029FC2D /* LAShapeRectangle.h */; };
		48E7749F1D4AABDA0029FC2D /* LAShapeRectangle.m in Sources */ = {isa = PBXBuildFile; fileRef = 48E774791D4AABDA0029FC2D /* LAShapeRectangle.m */; };
		48E774A91D4AABF00029FC2D /* UIColor+Expanded.h in Headers */ = {isa = PBXBuildFile; fileRef = 48E774A31D4AABF00029FC2D /* UIColor+Expanded.h */; };
		48E774AA1D4AABF00029FC2D /* UIColor+Expanded.m in Sources */ = {isa = PBXBuildFile; fileRef = 48E774A41D4AABF00029FC2D /* UIColor+Expanded.m */; };
		48E774AB1D4AABF00029FC2D /* CGGeometryAdditions.h in Headers */ = {isa = PBXBuildFile; fileRef = 48E774A51D4AABF00029FC2D /* CGGeometryAdditions.h */; };
		48E774AC1D4AABF00029FC2D /* CGGeometryAdditions.m in Sources */ = {isa = PBXBuildFile; fileRef = 48E774A61D4AABF00029FC2D /* CGGeometryAdditions.m */; };
		48F7F3041E2FF8A200E34939 /* LAAnimationTransistionController.h in Headers */ = {isa = PBXBuildFile; fileRef = 48F7F3021E2FF8A200E34939 /* LAAnimationTransistionController.h */; settings = {ATTRIBUTES = (Public, ); }; };
		48F7F3051E2FF8A200E34939 /* LAAnimationTransistionController.m in Sources */ = {isa = PBXBuildFile; fileRef = 48F7F3031E2FF8A200E34939 /* LAAnimationTransistionController.m */; };
/* End PBXBuildFile section */

/* Begin PBXFileReference section */
		4871B3601E243D6E00AE29CD /* LAAnimationCache.h */ = {isa = PBXFileReference; fileEncoding = 4; lastKnownFileType = sourcecode.c.h; path = LAAnimationCache.h; sourceTree = "<group>"; };
		4871B3611E243D6E00AE29CD /* LAAnimationCache.m */ = {isa = PBXFileReference; fileEncoding = 4; lastKnownFileType = sourcecode.c.objc; path = LAAnimationCache.m; sourceTree = "<group>"; };
		48A7230A1DF8C99D00A55C00 /* LAAnimationView_Internal.h */ = {isa = PBXFileReference; lastKnownFileType = sourcecode.c.h; path = LAAnimationView_Internal.h; sourceTree = "<group>"; };
		48E774281D4AAB070029FC2D /* Lottie.framework */ = {isa = PBXFileReference; explicitFileType = wrapper.framework; includeInIndex = 0; path = Lottie.framework; sourceTree = BUILT_PRODUCTS_DIR; };
		48E7742B1D4AAB070029FC2D /* Lottie.h */ = {isa = PBXFileReference; lastKnownFileType = sourcecode.c.h; path = Lottie.h; sourceTree = "<group>"; };
		48E7742D1D4AAB070029FC2D /* Info.plist */ = {isa = PBXFileReference; lastKnownFileType = text.plist.xml; path = Info.plist; sourceTree = "<group>"; };
		48E774331D4AAB200029FC2D /* LAAnimationView.h */ = {isa = PBXFileReference; fileEncoding = 4; lastKnownFileType = sourcecode.c.h; path = LAAnimationView.h; sourceTree = "<group>"; };
		48E774341D4AAB200029FC2D /* LAAnimationView.m */ = {isa = PBXFileReference; fileEncoding = 4; lastKnownFileType = sourcecode.c.objc; path = LAAnimationView.m; sourceTree = "<group>"; };
		48E774371D4AABB70029FC2D /* LAAnimatableLayer.h */ = {isa = PBXFileReference; fileEncoding = 4; lastKnownFileType = sourcecode.c.h; path = LAAnimatableLayer.h; sourceTree = "<group>"; };
		48E774381D4AABB70029FC2D /* LAAnimatableLayer.m */ = {isa = PBXFileReference; fileEncoding = 4; lastKnownFileType = sourcecode.c.objc; path = LAAnimatableLayer.m; sourceTree = "<group>"; };
		48E774391D4AABB70029FC2D /* LALayerView.h */ = {isa = PBXFileReference; fileEncoding = 4; lastKnownFileType = sourcecode.c.h; path = LALayerView.h; sourceTree = "<group>"; };
		48E7743A1D4AABB70029FC2D /* LALayerView.m */ = {isa = PBXFileReference; fileEncoding = 4; lastKnownFileType = sourcecode.c.objc; path = LALayerView.m; sourceTree = "<group>"; };
		48E7743B1D4AABB70029FC2D /* LAMaskLayer.h */ = {isa = PBXFileReference; fileEncoding = 4; lastKnownFileType = sourcecode.c.h; path = LAMaskLayer.h; sourceTree = "<group>"; };
		48E7743C1D4AABB70029FC2D /* LAMaskLayer.m */ = {isa = PBXFileReference; fileEncoding = 4; lastKnownFileType = sourcecode.c.objc; path = LAMaskLayer.m; sourceTree = "<group>"; };
		48E7743D1D4AABB70029FC2D /* LAGroupLayerView.h */ = {isa = PBXFileReference; fileEncoding = 4; lastKnownFileType = sourcecode.c.h; path = LAGroupLayerView.h; sourceTree = "<group>"; };
		48E7743E1D4AABB70029FC2D /* LAGroupLayerView.m */ = {isa = PBXFileReference; fileEncoding = 4; lastKnownFileType = sourcecode.c.objc; path = LAGroupLayerView.m; sourceTree = "<group>"; };
		48E7743F1D4AABB70029FC2D /* LAShapeLayerView.h */ = {isa = PBXFileReference; fileEncoding = 4; lastKnownFileType = sourcecode.c.h; path = LAShapeLayerView.h; sourceTree = "<group>"; };
		48E774401D4AABB70029FC2D /* LAShapeLayerView.m */ = {isa = PBXFileReference; fileEncoding = 4; lastKnownFileType = sourcecode.c.objc; path = LAShapeLayerView.m; sourceTree = "<group>"; };
		48E774411D4AABB70029FC2D /* LARectShapeLayer.h */ = {isa = PBXFileReference; fileEncoding = 4; lastKnownFileType = sourcecode.c.h; path = LARectShapeLayer.h; sourceTree = "<group>"; };
		48E774421D4AABB70029FC2D /* LARectShapeLayer.m */ = {isa = PBXFileReference; fileEncoding = 4; lastKnownFileType = sourcecode.c.objc; path = LARectShapeLayer.m; sourceTree = "<group>"; };
		48E774431D4AABB70029FC2D /* LAEllipseShapeLayer.h */ = {isa = PBXFileReference; fileEncoding = 4; lastKnownFileType = sourcecode.c.h; path = LAEllipseShapeLayer.h; sourceTree = "<group>"; };
		48E774441D4AABB70029FC2D /* LAEllipseShapeLayer.m */ = {isa = PBXFileReference; fileEncoding = 4; lastKnownFileType = sourcecode.c.objc; path = LAEllipseShapeLayer.m; sourceTree = "<group>"; };
		48E774541D4AABDA0029FC2D /* LAModels.h */ = {isa = PBXFileReference; fileEncoding = 4; lastKnownFileType = sourcecode.c.h; path = LAModels.h; sourceTree = "<group>"; };
		48E774551D4AABDA0029FC2D /* LAAnimatableValue.h */ = {isa = PBXFileReference; fileEncoding = 4; lastKnownFileType = sourcecode.c.h; path = LAAnimatableValue.h; sourceTree = "<group>"; };
		48E774561D4AABDA0029FC2D /* LAAnimatableColorValue.h */ = {isa = PBXFileReference; fileEncoding = 4; lastKnownFileType = sourcecode.c.h; path = LAAnimatableColorValue.h; sourceTree = "<group>"; };
		48E774571D4AABDA0029FC2D /* LAAnimatableColorValue.m */ = {isa = PBXFileReference; fileEncoding = 4; lastKnownFileType = sourcecode.c.objc; path = LAAnimatableColorValue.m; sourceTree = "<group>"; };
		48E774581D4AABDA0029FC2D /* LAAnimatablePointValue.h */ = {isa = PBXFileReference; fileEncoding = 4; lastKnownFileType = sourcecode.c.h; path = LAAnimatablePointValue.h; sourceTree = "<group>"; };
		48E774591D4AABDA0029FC2D /* LAAnimatablePointValue.m */ = {isa = PBXFileReference; fileEncoding = 4; lastKnownFileType = sourcecode.c.objc; path = LAAnimatablePointValue.m; sourceTree = "<group>"; };
		48E7745A1D4AABDA0029FC2D /* LAAnimatableNumberValue.h */ = {isa = PBXFileReference; fileEncoding = 4; lastKnownFileType = sourcecode.c.h; path = LAAnimatableNumberValue.h; sourceTree = "<group>"; };
		48E7745B1D4AABDA0029FC2D /* LAAnimatableNumberValue.m */ = {isa = PBXFileReference; fileEncoding = 4; lastKnownFileType = sourcecode.c.objc; path = LAAnimatableNumberValue.m; sourceTree = "<group>"; };
		48E7745C1D4AABDA0029FC2D /* LAAnimatableShapeValue.h */ = {isa = PBXFileReference; fileEncoding = 4; lastKnownFileType = sourcecode.c.h; path = LAAnimatableShapeValue.h; sourceTree = "<group>"; };
		48E7745D1D4AABDA0029FC2D /* LAAnimatableShapeValue.m */ = {isa = PBXFileReference; fileEncoding = 4; lastKnownFileType = sourcecode.c.objc; path = LAAnimatableShapeValue.m; sourceTree = "<group>"; };
		48E7745E1D4AABDA0029FC2D /* LAAnimatableBoundsValue.h */ = {isa = PBXFileReference; fileEncoding = 4; lastKnownFileType = sourcecode.c.h; path = LAAnimatableBoundsValue.h; sourceTree = "<group>"; };
		48E7745F1D4AABDA0029FC2D /* LAAnimatableBoundsValue.m */ = {isa = PBXFileReference; fileEncoding = 4; lastKnownFileType = sourcecode.c.objc; path = LAAnimatableBoundsValue.m; sourceTree = "<group>"; };
		48E774601D4AABDA0029FC2D /* LAAnimatableScaleValue.h */ = {isa = PBXFileReference; fileEncoding = 4; lastKnownFileType = sourcecode.c.h; path = LAAnimatableScaleValue.h; sourceTree = "<group>"; };
		48E774611D4AABDA0029FC2D /* LAAnimatableScaleValue.m */ = {isa = PBXFileReference; fileEncoding = 4; lastKnownFileType = sourcecode.c.objc; path = LAAnimatableScaleValue.m; sourceTree = "<group>"; };
		48E774621D4AABDA0029FC2D /* CAAnimationGroup+LAAnimatableGroup.h */ = {isa = PBXFileReference; fileEncoding = 4; lastKnownFileType = sourcecode.c.h; path = "CAAnimationGroup+LAAnimatableGroup.h"; sourceTree = "<group>"; };
		48E774631D4AABDA0029FC2D /* CAAnimationGroup+LAAnimatableGroup.m */ = {isa = PBXFileReference; fileEncoding = 4; lastKnownFileType = sourcecode.c.objc; path = "CAAnimationGroup+LAAnimatableGroup.m"; sourceTree = "<group>"; };
		48E774641D4AABDA0029FC2D /* LAComposition.h */ = {isa = PBXFileReference; fileEncoding = 4; lastKnownFileType = sourcecode.c.h; path = LAComposition.h; sourceTree = "<group>"; };
		48E774651D4AABDA0029FC2D /* LAComposition.m */ = {isa = PBXFileReference; fileEncoding = 4; lastKnownFileType = sourcecode.c.objc; path = LAComposition.m; sourceTree = "<group>"; };
		48E774661D4AABDA0029FC2D /* LALayer.h */ = {isa = PBXFileReference; fileEncoding = 4; lastKnownFileType = sourcecode.c.h; path = LALayer.h; sourceTree = "<group>"; };
		48E774671D4AABDA0029FC2D /* LALayer.m */ = {isa = PBXFileReference; fileEncoding = 4; lastKnownFileType = sourcecode.c.objc; path = LALayer.m; sourceTree = "<group>"; };
		48E774681D4AABDA0029FC2D /* LAMask.h */ = {isa = PBXFileReference; fileEncoding = 4; lastKnownFileType = sourcecode.c.h; path = LAMask.h; sourceTree = "<group>"; };
		48E774691D4AABDA0029FC2D /* LAMask.m */ = {isa = PBXFileReference; fileEncoding = 4; lastKnownFileType = sourcecode.c.objc; path = LAMask.m; sourceTree = "<group>"; };
		48E7746A1D4AABDA0029FC2D /* LAShapeGroup.h */ = {isa = PBXFileReference; fileEncoding = 4; lastKnownFileType = sourcecode.c.h; path = LAShapeGroup.h; sourceTree = "<group>"; };
		48E7746B1D4AABDA0029FC2D /* LAShapeGroup.m */ = {isa = PBXFileReference; fileEncoding = 4; lastKnownFileType = sourcecode.c.objc; path = LAShapeGroup.m; sourceTree = "<group>"; };
		48E7746C1D4AABDA0029FC2D /* LAShapeStroke.h */ = {isa = PBXFileReference; fileEncoding = 4; lastKnownFileType = sourcecode.c.h; path = LAShapeStroke.h; sourceTree = "<group>"; };
		48E7746D1D4AABDA0029FC2D /* LAShapeStroke.m */ = {isa = PBXFileReference; fileEncoding = 4; lastKnownFileType = sourcecode.c.objc; path = LAShapeStroke.m; sourceTree = "<group>"; };
		48E7746E1D4AABDA0029FC2D /* LAShapeTrimPath.h */ = {isa = PBXFileReference; fileEncoding = 4; lastKnownFileType = sourcecode.c.h; path = LAShapeTrimPath.h; sourceTree = "<group>"; };
		48E7746F1D4AABDA0029FC2D /* LAShapeTrimPath.m */ = {isa = PBXFileReference; fileEncoding = 4; lastKnownFileType = sourcecode.c.objc; path = LAShapeTrimPath.m; sourceTree = "<group>"; };
		48E774701D4AABDA0029FC2D /* LAShapeFill.h */ = {isa = PBXFileReference; fileEncoding = 4; lastKnownFileType = sourcecode.c.h; path = LAShapeFill.h; sourceTree = "<group>"; };
		48E774711D4AABDA0029FC2D /* LAShapeFill.m */ = {isa = PBXFileReference; fileEncoding = 4; lastKnownFileType = sourcecode.c.objc; path = LAShapeFill.m; sourceTree = "<group>"; };
		48E774721D4AABDA0029FC2D /* LAShapeTransform.h */ = {isa = PBXFileReference; fileEncoding = 4; lastKnownFileType = sourcecode.c.h; path = LAShapeTransform.h; sourceTree = "<group>"; };
		48E774731D4AABDA0029FC2D /* LAShapeTransform.m */ = {isa = PBXFileReference; fileEncoding = 4; lastKnownFileType = sourcecode.c.objc; path = LAShapeTransform.m; sourceTree = "<group>"; };
		48E774741D4AABDA0029FC2D /* LAShapePath.h */ = {isa = PBXFileReference; fileEncoding = 4; lastKnownFileType = sourcecode.c.h; path = LAShapePath.h; sourceTree = "<group>"; };
		48E774751D4AABDA0029FC2D /* LAShapePath.m */ = {isa = PBXFileReference; fileEncoding = 4; lastKnownFileType = sourcecode.c.objc; path = LAShapePath.m; sourceTree = "<group>"; };
		48E774761D4AABDA0029FC2D /* LAShapeCircle.h */ = {isa = PBXFileReference; fileEncoding = 4; lastKnownFileType = sourcecode.c.h; path = LAShapeCircle.h; sourceTree = "<group>"; };
		48E774771D4AABDA0029FC2D /* LAShapeCircle.m */ = {isa = PBXFileReference; fileEncoding = 4; lastKnownFileType = sourcecode.c.objc; path = LAShapeCircle.m; sourceTree = "<group>"; };
		48E774781D4AABDA0029FC2D /* LAShapeRectangle.h */ = {isa = PBXFileReference; fileEncoding = 4; lastKnownFileType = sourcecode.c.h; path = LAShapeRectangle.h; sourceTree = "<group>"; };
		48E774791D4AABDA0029FC2D /* LAShapeRectangle.m */ = {isa = PBXFileReference; fileEncoding = 4; lastKnownFileType = sourcecode.c.objc; path = LAShapeRectangle.m; sourceTree = "<group>"; };
		48E774A31D4AABF00029FC2D /* UIColor+Expanded.h */ = {isa = PBXFileReference; fileEncoding = 4; lastKnownFileType = sourcecode.c.h; path = "UIColor+Expanded.h"; sourceTree = "<group>"; };
		48E774A41D4AABF00029FC2D /* UIColor+Expanded.m */ = {isa = PBXFileReference; fileEncoding = 4; lastKnownFileType = sourcecode.c.objc; path = "UIColor+Expanded.m"; sourceTree = "<group>"; };
		48E774A51D4AABF00029FC2D /* CGGeometryAdditions.h */ = {isa = PBXFileReference; fileEncoding = 4; lastKnownFileType = sourcecode.c.h; path = CGGeometryAdditions.h; sourceTree = "<group>"; };
		48E774A61D4AABF00029FC2D /* CGGeometryAdditions.m */ = {isa = PBXFileReference; fileEncoding = 4; lastKnownFileType = sourcecode.c.objc; path = CGGeometryAdditions.m; sourceTree = "<group>"; };
		48E774AF1D4AAD2E0029FC2D /* LAHelpers.h */ = {isa = PBXFileReference; lastKnownFileType = sourcecode.c.h; path = LAHelpers.h; sourceTree = "<group>"; };
		48F7F3021E2FF8A200E34939 /* LAAnimationTransistionController.h */ = {isa = PBXFileReference; fileEncoding = 4; lastKnownFileType = sourcecode.c.h; path = LAAnimationTransistionController.h; sourceTree = "<group>"; };
		48F7F3031E2FF8A200E34939 /* LAAnimationTransistionController.m */ = {isa = PBXFileReference; fileEncoding = 4; lastKnownFileType = sourcecode.c.objc; path = LAAnimationTransistionController.m; sourceTree = "<group>"; };
/* End PBXFileReference section */

/* Begin PBXFrameworksBuildPhase section */
		48E774241D4AAB070029FC2D /* Frameworks */ = {
			isa = PBXFrameworksBuildPhase;
			buildActionMask = 2147483647;
			files = (
			);
			runOnlyForDeploymentPostprocessing = 0;
		};
/* End PBXFrameworksBuildPhase section */

/* Begin PBXGroup section */
		48E7741E1D4AAB070029FC2D = {
			isa = PBXGroup;
			children = (
				48E7742A1D4AAB070029FC2D /* Lottie */,
				48E774291D4AAB070029FC2D /* Products */,
			);
			sourceTree = "<group>";
		};
		48E774291D4AAB070029FC2D /* Products */ = {
			isa = PBXGroup;
			children = (
				48E774281D4AAB070029FC2D /* Lottie.framework */,
			);
			name = Products;
			sourceTree = "<group>";
		};
		48E7742A1D4AAB070029FC2D /* Lottie */ = {
			isa = PBXGroup;
			children = (
				48E774AD1D4AABF50029FC2D /* Helpers */,
				48E774A01D4AABE00029FC2D /* Model */,
				48E774531D4AABC10029FC2D /* Animatable Layers */,
				48E774331D4AAB200029FC2D /* LAAnimationView.h */,
				48E774341D4AAB200029FC2D /* LAAnimationView.m */,
				48F7F3021E2FF8A200E34939 /* LAAnimationTransistionController.h */,
				48F7F3031E2FF8A200E34939 /* LAAnimationTransistionController.m */,
				4871B3601E243D6E00AE29CD /* LAAnimationCache.h */,
				4871B3611E243D6E00AE29CD /* LAAnimationCache.m */,
				48A7230A1DF8C99D00A55C00 /* LAAnimationView_Internal.h */,
				48E7742B1D4AAB070029FC2D /* Lottie.h */,
				48E7742D1D4AAB070029FC2D /* Info.plist */,
			);
			path = Lottie;
			sourceTree = "<group>";
		};
		48E774531D4AABC10029FC2D /* Animatable Layers */ = {
			isa = PBXGroup;
			children = (
				48E774371D4AABB70029FC2D /* LAAnimatableLayer.h */,
				48E774381D4AABB70029FC2D /* LAAnimatableLayer.m */,
				48E774391D4AABB70029FC2D /* LALayerView.h */,
				48E7743A1D4AABB70029FC2D /* LALayerView.m */,
				48E7743B1D4AABB70029FC2D /* LAMaskLayer.h */,
				48E7743C1D4AABB70029FC2D /* LAMaskLayer.m */,
				48E7743D1D4AABB70029FC2D /* LAGroupLayerView.h */,
				48E7743E1D4AABB70029FC2D /* LAGroupLayerView.m */,
				48E7743F1D4AABB70029FC2D /* LAShapeLayerView.h */,
				48E774401D4AABB70029FC2D /* LAShapeLayerView.m */,
				48E774411D4AABB70029FC2D /* LARectShapeLayer.h */,
				48E774421D4AABB70029FC2D /* LARectShapeLayer.m */,
				48E774431D4AABB70029FC2D /* LAEllipseShapeLayer.h */,
				48E774441D4AABB70029FC2D /* LAEllipseShapeLayer.m */,
			);
			name = "Animatable Layers";
			sourceTree = "<group>";
		};
		48E774A01D4AABE00029FC2D /* Model */ = {
			isa = PBXGroup;
			children = (
				48E774541D4AABDA0029FC2D /* LAModels.h */,
				48E774551D4AABDA0029FC2D /* LAAnimatableValue.h */,
				48E774561D4AABDA0029FC2D /* LAAnimatableColorValue.h */,
				48E774571D4AABDA0029FC2D /* LAAnimatableColorValue.m */,
				48E774581D4AABDA0029FC2D /* LAAnimatablePointValue.h */,
				48E774591D4AABDA0029FC2D /* LAAnimatablePointValue.m */,
				48E7745A1D4AABDA0029FC2D /* LAAnimatableNumberValue.h */,
				48E7745B1D4AABDA0029FC2D /* LAAnimatableNumberValue.m */,
				48E7745C1D4AABDA0029FC2D /* LAAnimatableShapeValue.h */,
				48E7745D1D4AABDA0029FC2D /* LAAnimatableShapeValue.m */,
				48E7745E1D4AABDA0029FC2D /* LAAnimatableBoundsValue.h */,
				48E7745F1D4AABDA0029FC2D /* LAAnimatableBoundsValue.m */,
				48E774601D4AABDA0029FC2D /* LAAnimatableScaleValue.h */,
				48E774611D4AABDA0029FC2D /* LAAnimatableScaleValue.m */,
				48E774621D4AABDA0029FC2D /* CAAnimationGroup+LAAnimatableGroup.h */,
				48E774631D4AABDA0029FC2D /* CAAnimationGroup+LAAnimatableGroup.m */,
				48E774641D4AABDA0029FC2D /* LAComposition.h */,
				48E774651D4AABDA0029FC2D /* LAComposition.m */,
				48E774661D4AABDA0029FC2D /* LALayer.h */,
				48E774671D4AABDA0029FC2D /* LALayer.m */,
				48E774681D4AABDA0029FC2D /* LAMask.h */,
				48E774691D4AABDA0029FC2D /* LAMask.m */,
				48E7746A1D4AABDA0029FC2D /* LAShapeGroup.h */,
				48E7746B1D4AABDA0029FC2D /* LAShapeGroup.m */,
				48E7746C1D4AABDA0029FC2D /* LAShapeStroke.h */,
				48E7746D1D4AABDA0029FC2D /* LAShapeStroke.m */,
				48E7746E1D4AABDA0029FC2D /* LAShapeTrimPath.h */,
				48E7746F1D4AABDA0029FC2D /* LAShapeTrimPath.m */,
				48E774701D4AABDA0029FC2D /* LAShapeFill.h */,
				48E774711D4AABDA0029FC2D /* LAShapeFill.m */,
				48E774721D4AABDA0029FC2D /* LAShapeTransform.h */,
				48E774731D4AABDA0029FC2D /* LAShapeTransform.m */,
				48E774741D4AABDA0029FC2D /* LAShapePath.h */,
				48E774751D4AABDA0029FC2D /* LAShapePath.m */,
				48E774761D4AABDA0029FC2D /* LAShapeCircle.h */,
				48E774771D4AABDA0029FC2D /* LAShapeCircle.m */,
				48E774781D4AABDA0029FC2D /* LAShapeRectangle.h */,
				48E774791D4AABDA0029FC2D /* LAShapeRectangle.m */,
			);
			name = Model;
			sourceTree = "<group>";
		};
		48E774AD1D4AABF50029FC2D /* Helpers */ = {
			isa = PBXGroup;
			children = (
				48E774A31D4AABF00029FC2D /* UIColor+Expanded.h */,
				48E774A41D4AABF00029FC2D /* UIColor+Expanded.m */,
				48E774A51D4AABF00029FC2D /* CGGeometryAdditions.h */,
				48E774A61D4AABF00029FC2D /* CGGeometryAdditions.m */,
				48E774AF1D4AAD2E0029FC2D /* LAHelpers.h */,
			);
			name = Helpers;
			sourceTree = "<group>";
		};
/* End PBXGroup section */

/* Begin PBXHeadersBuildPhase section */
		48E774251D4AAB070029FC2D /* Headers */ = {
			isa = PBXHeadersBuildPhase;
			buildActionMask = 2147483647;
			files = (
				48E774AB1D4AABF00029FC2D /* CGGeometryAdditions.h in Headers */,
				48E774881D4AABDA0029FC2D /* CAAnimationGroup+LAAnimatableGroup.h in Headers */,
				48E774A91D4AABF00029FC2D /* UIColor+Expanded.h in Headers */,
				48E7748C1D4AABDA0029FC2D /* LALayer.h in Headers */,
				48E774821D4AABDA0029FC2D /* LAAnimatableShapeValue.h in Headers */,
				48E774961D4AABDA0029FC2D /* LAShapeFill.h in Headers */,
				48E774511D4AABB70029FC2D /* LAEllipseShapeLayer.h in Headers */,
				48E774841D4AABDA0029FC2D /* LAAnimatableBoundsValue.h in Headers */,
				48E774491D4AABB70029FC2D /* LAMaskLayer.h in Headers */,
				4871B3621E243D6E00AE29CD /* LAAnimationCache.h in Headers */,
				48E774941D4AABDA0029FC2D /* LAShapeTrimPath.h in Headers */,
				48E7744F1D4AABB70029FC2D /* LARectShapeLayer.h in Headers */,
				48E774471D4AABB70029FC2D /* LALayerView.h in Headers */,
				48E7747B1D4AABDA0029FC2D /* LAAnimatableValue.h in Headers */,
				48E7748E1D4AABDA0029FC2D /* LAMask.h in Headers */,
				48E7747E1D4AABDA0029FC2D /* LAAnimatablePointValue.h in Headers */,
				48E7748A1D4AABDA0029FC2D /* LAComposition.h in Headers */,
				48E774981D4AABDA0029FC2D /* LAShapeTransform.h in Headers */,
				48E7744D1D4AABB70029FC2D /* LAShapeLayerView.h in Headers */,
				48E7747A1D4AABDA0029FC2D /* LAModels.h in Headers */,
				48E774801D4AABDA0029FC2D /* LAAnimatableNumberValue.h in Headers */,
				48E774901D4AABDA0029FC2D /* LAShapeGroup.h in Headers */,
				48E7744B1D4AABB70029FC2D /* LAGroupLayerView.h in Headers */,
				48F7F3041E2FF8A200E34939 /* LAAnimationTransistionController.h in Headers */,
				48E774921D4AABDA0029FC2D /* LAShapeStroke.h in Headers */,
				48E774861D4AABDA0029FC2D /* LAAnimatableScaleValue.h in Headers */,
				48E7749E1D4AABDA0029FC2D /* LAShapeRectangle.h in Headers */,
				48E7749A1D4AABDA0029FC2D /* LAShapePath.h in Headers */,
				48E7742C1D4AAB070029FC2D /* Lottie.h in Headers */,
				48E7747C1D4AABDA0029FC2D /* LAAnimatableColorValue.h in Headers */,
				48E7749C1D4AABDA0029FC2D /* LAShapeCircle.h in Headers */,
				48E774351D4AAB200029FC2D /* LAAnimationView.h in Headers */,
				48E774451D4AABB70029FC2D /* LAAnimatableLayer.h in Headers */,
			);
			runOnlyForDeploymentPostprocessing = 0;
		};
/* End PBXHeadersBuildPhase section */

/* Begin PBXNativeTarget section */
		48E774271D4AAB070029FC2D /* Lottie */ = {
			isa = PBXNativeTarget;
			buildConfigurationList = 48E774301D4AAB070029FC2D /* Build configuration list for PBXNativeTarget "Lottie" */;
			buildPhases = (
				48E774231D4AAB070029FC2D /* Sources */,
				48E774241D4AAB070029FC2D /* Frameworks */,
				48E774251D4AAB070029FC2D /* Headers */,
				48E774261D4AAB070029FC2D /* Resources */,
			);
			buildRules = (
			);
			dependencies = (
			);
			name = Lottie;
			productName = Lottie;
			productReference = 48E774281D4AAB070029FC2D /* Lottie.framework */;
			productType = "com.apple.product-type.framework";
		};
/* End PBXNativeTarget section */

/* Begin PBXProject section */
		48E7741F1D4AAB070029FC2D /* Project object */ = {
			isa = PBXProject;
			attributes = {
				LastUpgradeCheck = 0720;
				ORGANIZATIONNAME = "Brandon Withrow";
				TargetAttributes = {
					48E774271D4AAB070029FC2D = {
						CreatedOnToolsVersion = 7.2.1;
					};
				};
			};
			buildConfigurationList = 48E774221D4AAB070029FC2D /* Build configuration list for PBXProject "Lottie" */;
			compatibilityVersion = "Xcode 3.2";
			developmentRegion = English;
			hasScannedForEncodings = 0;
			knownRegions = (
				en,
			);
			mainGroup = 48E7741E1D4AAB070029FC2D;
			productRefGroup = 48E774291D4AAB070029FC2D /* Products */;
			projectDirPath = "";
			projectRoot = "";
			targets = (
				48E774271D4AAB070029FC2D /* Lottie */,
			);
		};
/* End PBXProject section */

/* Begin PBXResourcesBuildPhase section */
		48E774261D4AAB070029FC2D /* Resources */ = {
			isa = PBXResourcesBuildPhase;
			buildActionMask = 2147483647;
			files = (
			);
			runOnlyForDeploymentPostprocessing = 0;
		};
/* End PBXResourcesBuildPhase section */

/* Begin PBXSourcesBuildPhase section */
		48E774231D4AAB070029FC2D /* Sources */ = {
			isa = PBXSourcesBuildPhase;
			buildActionMask = 2147483647;
			files = (
				48E774501D4AABB70029FC2D /* LARectShapeLayer.m in Sources */,
				48E774AC1D4AABF00029FC2D /* CGGeometryAdditions.m in Sources */,
				48F7F3051E2FF8A200E34939 /* LAAnimationTransistionController.m in Sources */,
				48E774891D4AABDA0029FC2D /* CAAnimationGroup+LAAnimatableGroup.m in Sources */,
				48E7747D1D4AABDA0029FC2D /* LAAnimatableColorValue.m in Sources */,
				48E7749D1D4AABDA0029FC2D /* LAShapeCircle.m in Sources */,
				48E774521D4AABB80029FC2D /* LAEllipseShapeLayer.m in Sources */,
				48E774461D4AABB70029FC2D /* LAAnimatableLayer.m in Sources */,
				48E774831D4AABDA0029FC2D /* LAAnimatableShapeValue.m in Sources */,
				48E7744E1D4AABB70029FC2D /* LAShapeLayerView.m in Sources */,
				48E774911D4AABDA0029FC2D /* LAShapeGroup.m in Sources */,
				48E774811D4AABDA0029FC2D /* LAAnimatableNumberValue.m in Sources */,
				48E774AA1D4AABF00029FC2D /* UIColor+Expanded.m in Sources */,
				48E7749F1D4AABDA0029FC2D /* LAShapeRectangle.m in Sources */,
				48E774971D4AABDA0029FC2D /* LAShapeFill.m in Sources */,
				48E774991D4AABDA0029FC2D /* LAShapeTransform.m in Sources */,
				48E7748D1D4AABDA0029FC2D /* LALayer.m in Sources */,
				48E7747F1D4AABDA0029FC2D /* LAAnimatablePointValue.m in Sources */,
				48E7744C1D4AABB70029FC2D /* LAGroupLayerView.m in Sources */,
				48E774931D4AABDA0029FC2D /* LAShapeStroke.m in Sources */,
				48E774871D4AABDA0029FC2D /* LAAnimatableScaleValue.m in Sources */,
				48E7748B1D4AABDA0029FC2D /* LAComposition.m in Sources */,
				48E774951D4AABDA0029FC2D /* LAShapeTrimPath.m in Sources */,
				48E774851D4AABDA0029FC2D /* LAAnimatableBoundsValue.m in Sources */,
				48E7749B1D4AABDA0029FC2D /* LAShapePath.m in Sources */,
				48E774481D4AABB70029FC2D /* LALayerView.m in Sources */,
				48E7744A1D4AABB70029FC2D /* LAMaskLayer.m in Sources */,
				4871B3631E243D6E00AE29CD /* LAAnimationCache.m in Sources */,
				48E7748F1D4AABDA0029FC2D /* LAMask.m in Sources */,
				48E774361D4AAB200029FC2D /* LAAnimationView.m in Sources */,
			);
			runOnlyForDeploymentPostprocessing = 0;
		};
/* End PBXSourcesBuildPhase section */

/* Begin XCBuildConfiguration section */
		48E7742E1D4AAB070029FC2D /* Debug */ = {
			isa = XCBuildConfiguration;
			buildSettings = {
				ALWAYS_SEARCH_USER_PATHS = NO;
				CLANG_CXX_LANGUAGE_STANDARD = "gnu++0x";
				CLANG_CXX_LIBRARY = "libc++";
				CLANG_ENABLE_MODULES = YES;
				CLANG_ENABLE_OBJC_ARC = YES;
				CLANG_WARN_BOOL_CONVERSION = YES;
				CLANG_WARN_CONSTANT_CONVERSION = YES;
				CLANG_WARN_DIRECT_OBJC_ISA_USAGE = YES_ERROR;
				CLANG_WARN_EMPTY_BODY = YES;
				CLANG_WARN_ENUM_CONVERSION = YES;
				CLANG_WARN_INT_CONVERSION = YES;
				CLANG_WARN_OBJC_ROOT_CLASS = YES_ERROR;
				CLANG_WARN_UNREACHABLE_CODE = YES;
				CLANG_WARN__DUPLICATE_METHOD_MATCH = YES;
				"CODE_SIGN_IDENTITY[sdk=iphoneos*]" = "iPhone Developer";
				COPY_PHASE_STRIP = NO;
				CURRENT_PROJECT_VERSION = 1;
				DEBUG_INFORMATION_FORMAT = dwarf;
				ENABLE_STRICT_OBJC_MSGSEND = YES;
				ENABLE_TESTABILITY = YES;
				GCC_C_LANGUAGE_STANDARD = gnu99;
				GCC_DYNAMIC_NO_PIC = NO;
				GCC_NO_COMMON_BLOCKS = YES;
				GCC_OPTIMIZATION_LEVEL = 0;
				GCC_PREPROCESSOR_DEFINITIONS = (
					"DEBUG=1",
					"$(inherited)",
				);
				GCC_WARN_64_TO_32_BIT_CONVERSION = YES;
				GCC_WARN_ABOUT_RETURN_TYPE = YES_ERROR;
				GCC_WARN_UNDECLARED_SELECTOR = YES;
				GCC_WARN_UNINITIALIZED_AUTOS = YES_AGGRESSIVE;
				GCC_WARN_UNUSED_FUNCTION = YES;
				GCC_WARN_UNUSED_VARIABLE = YES;
				IPHONEOS_DEPLOYMENT_TARGET = 9.2;
				MTL_ENABLE_DEBUG_INFO = YES;
				ONLY_ACTIVE_ARCH = YES;
				SDKROOT = iphoneos;
				TARGETED_DEVICE_FAMILY = "1,2";
				VERSIONING_SYSTEM = "apple-generic";
				VERSION_INFO_PREFIX = "";
			};
			name = Debug;
		};
		48E7742F1D4AAB070029FC2D /* Release */ = {
			isa = XCBuildConfiguration;
			buildSettings = {
				ALWAYS_SEARCH_USER_PATHS = NO;
				CLANG_CXX_LANGUAGE_STANDARD = "gnu++0x";
				CLANG_CXX_LIBRARY = "libc++";
				CLANG_ENABLE_MODULES = YES;
				CLANG_ENABLE_OBJC_ARC = YES;
				CLANG_WARN_BOOL_CONVERSION = YES;
				CLANG_WARN_CONSTANT_CONVERSION = YES;
				CLANG_WARN_DIRECT_OBJC_ISA_USAGE = YES_ERROR;
				CLANG_WARN_EMPTY_BODY = YES;
				CLANG_WARN_ENUM_CONVERSION = YES;
				CLANG_WARN_INT_CONVERSION = YES;
				CLANG_WARN_OBJC_ROOT_CLASS = YES_ERROR;
				CLANG_WARN_UNREACHABLE_CODE = YES;
				CLANG_WARN__DUPLICATE_METHOD_MATCH = YES;
				"CODE_SIGN_IDENTITY[sdk=iphoneos*]" = "iPhone Developer";
				COPY_PHASE_STRIP = NO;
				CURRENT_PROJECT_VERSION = 1;
				DEBUG_INFORMATION_FORMAT = "dwarf-with-dsym";
				ENABLE_NS_ASSERTIONS = NO;
				ENABLE_STRICT_OBJC_MSGSEND = YES;
				GCC_C_LANGUAGE_STANDARD = gnu99;
				GCC_NO_COMMON_BLOCKS = YES;
				GCC_WARN_64_TO_32_BIT_CONVERSION = YES;
				GCC_WARN_ABOUT_RETURN_TYPE = YES_ERROR;
				GCC_WARN_UNDECLARED_SELECTOR = YES;
				GCC_WARN_UNINITIALIZED_AUTOS = YES_AGGRESSIVE;
				GCC_WARN_UNUSED_FUNCTION = YES;
				GCC_WARN_UNUSED_VARIABLE = YES;
				IPHONEOS_DEPLOYMENT_TARGET = 9.2;
				MTL_ENABLE_DEBUG_INFO = NO;
				SDKROOT = iphoneos;
				TARGETED_DEVICE_FAMILY = "1,2";
				VALIDATE_PRODUCT = YES;
				VERSIONING_SYSTEM = "apple-generic";
				VERSION_INFO_PREFIX = "";
			};
			name = Release;
		};
		48E774311D4AAB070029FC2D /* Debug */ = {
			isa = XCBuildConfiguration;
			buildSettings = {
				DEFINES_MODULE = YES;
				DYLIB_COMPATIBILITY_VERSION = 1;
				DYLIB_CURRENT_VERSION = 1;
				DYLIB_INSTALL_NAME_BASE = "@rpath";
				INFOPLIST_FILE = Lottie/Info.plist;
				INSTALL_PATH = "$(LOCAL_LIBRARY_DIR)/Frameworks";
				IPHONEOS_DEPLOYMENT_TARGET = 8.2;
				LD_RUNPATH_SEARCH_PATHS = "$(inherited) @executable_path/Frameworks @loader_path/Frameworks";
				PRODUCT_BUNDLE_IDENTIFIER = "-.Lottie";
				PRODUCT_NAME = "$(TARGET_NAME)";
				SKIP_INSTALL = YES;
				TARGETED_DEVICE_FAMILY = "1,2";
			};
			name = Debug;
		};
		48E774321D4AAB070029FC2D /* Release */ = {
			isa = XCBuildConfiguration;
			buildSettings = {
				DEFINES_MODULE = YES;
				DYLIB_COMPATIBILITY_VERSION = 1;
				DYLIB_CURRENT_VERSION = 1;
				DYLIB_INSTALL_NAME_BASE = "@rpath";
				INFOPLIST_FILE = Lottie/Info.plist;
				INSTALL_PATH = "$(LOCAL_LIBRARY_DIR)/Frameworks";
				IPHONEOS_DEPLOYMENT_TARGET = 8.2;
				LD_RUNPATH_SEARCH_PATHS = "$(inherited) @executable_path/Frameworks @loader_path/Frameworks";
				PRODUCT_BUNDLE_IDENTIFIER = "-.Lottie";
				PRODUCT_NAME = "$(TARGET_NAME)";
				SKIP_INSTALL = YES;
				TARGETED_DEVICE_FAMILY = "1,2";
			};
			name = Release;
		};
/* End XCBuildConfiguration section */

/* Begin XCConfigurationList section */
		48E774221D4AAB070029FC2D /* Build configuration list for PBXProject "Lottie" */ = {
			isa = XCConfigurationList;
			buildConfigurations = (
				48E7742E1D4AAB070029FC2D /* Debug */,
				48E7742F1D4AAB070029FC2D /* Release */,
			);
			defaultConfigurationIsVisible = 0;
			defaultConfigurationName = Release;
		};
		48E774301D4AAB070029FC2D /* Build configuration list for PBXNativeTarget "Lottie" */ = {
			isa = XCConfigurationList;
			buildConfigurations = (
				48E774311D4AAB070029FC2D /* Debug */,
				48E774321D4AAB070029FC2D /* Release */,
			);
			defaultConfigurationIsVisible = 0;
			defaultConfigurationName = Release;
		};
/* End XCConfigurationList section */
	};
	rootObject = 48E7741F1D4AAB070029FC2D /* Project object */;
}
